// !$*UTF8*$!
{
	archiveVersion = 1;
	classes = {
	};
	objectVersion = 50;
	objects = {

/* Begin PBXBuildFile section */
		C709C5E7243A2E25006883BA /* CryptoSwift.framework in Frameworks */ = {isa = PBXBuildFile; fileRef = C7E57280243A2A2C0019E95F /* CryptoSwift.framework */; };
		C709C5E8243A2E25006883BA /* CryptoSwift.framework in Embed Frameworks */ = {isa = PBXBuildFile; fileRef = C7E57280243A2A2C0019E95F /* CryptoSwift.framework */; settings = {ATTRIBUTES = (CodeSignOnCopy, RemoveHeadersOnCopy, ); }; };
		C70DA3FF2438E82600EF7217 /* SHSquadCollectionViewManager.swift in Sources */ = {isa = PBXBuildFile; fileRef = C70DA3FE2438E82600EF7217 /* SHSquadCollectionViewManager.swift */; };
		C70DA4012438E84000EF7217 /* SHHeroesCollectionViewManager.swift in Sources */ = {isa = PBXBuildFile; fileRef = C70DA4002438E84000EF7217 /* SHHeroesCollectionViewManager.swift */; };
		C70DA4062438E99200EF7217 /* SHSquadCollectionViewCell.swift in Sources */ = {isa = PBXBuildFile; fileRef = C70DA4042438E99200EF7217 /* SHSquadCollectionViewCell.swift */; };
		C70DA4072438E99200EF7217 /* SHSquadCollectionViewCell.xib in Resources */ = {isa = PBXBuildFile; fileRef = C70DA4052438E99200EF7217 /* SHSquadCollectionViewCell.xib */; };
		C71DA06D2444E7100071F5E3 /* UIView+Ext.swift in Sources */ = {isa = PBXBuildFile; fileRef = C78E6E772438CF78005F67B4 /* UIView+Ext.swift */; };
		C71DA06F2444E73A0071F5E3 /* UIImage+Ext.swift in Sources */ = {isa = PBXBuildFile; fileRef = C78E6E752438CF1A005F67B4 /* UIImage+Ext.swift */; };
		C71DA0702444E73A0071F5E3 /* UIImageView+Ext.swift in Sources */ = {isa = PBXBuildFile; fileRef = C7E983E12438AF79003A8E54 /* UIImageView+Ext.swift */; };
		C71DA0712444E73D0071F5E3 /* UIColor+Ext.swift in Sources */ = {isa = PBXBuildFile; fileRef = C7E983E32438BC4A003A8E54 /* UIColor+Ext.swift */; };
		C71DA0722444E7410071F5E3 /* UIAlertController+Ext.swift in Sources */ = {isa = PBXBuildFile; fileRef = C7E82B89243914B20008C67F /* UIAlertController+Ext.swift */; };
		C721EB5A243B643800844C0C /* SHAPIKit.h in Headers */ = {isa = PBXBuildFile; fileRef = C721EB58243B643800844C0C /* SHAPIKit.h */; settings = {ATTRIBUTES = (Public, ); }; };
		C721EB5D243B643800844C0C /* SHAPIKit.framework in Frameworks */ = {isa = PBXBuildFile; fileRef = C721EB56243B643800844C0C /* SHAPIKit.framework */; };
		C721EB5E243B643800844C0C /* SHAPIKit.framework in Embed Frameworks */ = {isa = PBXBuildFile; fileRef = C721EB56243B643800844C0C /* SHAPIKit.framework */; settings = {ATTRIBUTES = (CodeSignOnCopy, RemoveHeadersOnCopy, ); }; };
		C721EB62243B645800844C0C /* CryptoSwift.framework in Frameworks */ = {isa = PBXBuildFile; fileRef = C7E57280243A2A2C0019E95F /* CryptoSwift.framework */; };
		C721EB65243BA9C800844C0C /* Reachability.swift in Sources */ = {isa = PBXBuildFile; fileRef = C7E82B8B2439186C0008C67F /* Reachability.swift */; };
		C721EB66243BA9EF00844C0C /* SHAPINetworkStatus.swift in Sources */ = {isa = PBXBuildFile; fileRef = C7275D1B2439F0D00069471C /* SHAPINetworkStatus.swift */; };
		C721EB67243BA9F900844C0C /* SHParameterEncoding.swift in Sources */ = {isa = PBXBuildFile; fileRef = C70633B02439D6A40037BBAC /* SHParameterEncoding.swift */; };
		C721EB68243BA9F900844C0C /* SHURLParameterEncoder.swift in Sources */ = {isa = PBXBuildFile; fileRef = C7275D152439DC580069471C /* SHURLParameterEncoder.swift */; };
		C721EB69243BA9F900844C0C /* SHJSONParameterEncoder.swift in Sources */ = {isa = PBXBuildFile; fileRef = C7275D172439DC750069471C /* SHJSONParameterEncoder.swift */; };
		C721EB6A243BA9FF00844C0C /* SHError.swift in Sources */ = {isa = PBXBuildFile; fileRef = C78E6E6D2438C366005F67B4 /* SHError.swift */; };
		C721EB6B243BA9FF00844C0C /* SHHTTPMethod.swift in Sources */ = {isa = PBXBuildFile; fileRef = C70633AC2439D5540037BBAC /* SHHTTPMethod.swift */; };
		C721EB6C243BA9FF00844C0C /* SHHTTPTask.swift in Sources */ = {isa = PBXBuildFile; fileRef = C70633AE2439D5850037BBAC /* SHHTTPTask.swift */; };
		C721EB6D243BA9FF00844C0C /* SHURLSession.swift in Sources */ = {isa = PBXBuildFile; fileRef = C78E6E6B2438C315005F67B4 /* SHURLSession.swift */; };
		C721EB6E243BA9FF00844C0C /* SHAPIRequest.swift in Sources */ = {isa = PBXBuildFile; fileRef = C7275D192439EEF50069471C /* SHAPIRequest.swift */; };
		C721EB6F243BAA0300844C0C /* SHEndpointType.swift in Sources */ = {isa = PBXBuildFile; fileRef = C70633AA2439D4160037BBAC /* SHEndpointType.swift */; };
		C721EB70243BAA0300844C0C /* SHMarvelAPI.swift in Sources */ = {isa = PBXBuildFile; fileRef = C78E6E692438C2C0005F67B4 /* SHMarvelAPI.swift */; };
		C721EB71243BAA0300844C0C /* SHMarvelAPIProvider.swift in Sources */ = {isa = PBXBuildFile; fileRef = C7275D1D2439F3DE0069471C /* SHMarvelAPIProvider.swift */; };
		C721EB7B243BAC6300844C0C /* SHData.h in Headers */ = {isa = PBXBuildFile; fileRef = C721EB79243BAC6300844C0C /* SHData.h */; settings = {ATTRIBUTES = (Public, ); }; };
		C721EB7E243BAC6300844C0C /* SHData.framework in Frameworks */ = {isa = PBXBuildFile; fileRef = C721EB77243BAC6300844C0C /* SHData.framework */; };
		C721EB7F243BAC6300844C0C /* SHData.framework in Embed Frameworks */ = {isa = PBXBuildFile; fileRef = C721EB77243BAC6300844C0C /* SHData.framework */; settings = {ATTRIBUTES = (CodeSignOnCopy, RemoveHeadersOnCopy, ); }; };
		C721EB88243BAD4100844C0C /* SHData.framework in Frameworks */ = {isa = PBXBuildFile; fileRef = C721EB77243BAC6300844C0C /* SHData.framework */; };
		C721EB96243BAFF000844C0C /* SHCore.h in Headers */ = {isa = PBXBuildFile; fileRef = C721EB94243BAFF000844C0C /* SHCore.h */; settings = {ATTRIBUTES = (Public, ); }; };
		C721EB99243BAFF000844C0C /* SHCore.framework in Frameworks */ = {isa = PBXBuildFile; fileRef = C721EB92243BAFF000844C0C /* SHCore.framework */; };
		C721EB9A243BAFF000844C0C /* SHCore.framework in Embed Frameworks */ = {isa = PBXBuildFile; fileRef = C721EB92243BAFF000844C0C /* SHCore.framework */; settings = {ATTRIBUTES = (CodeSignOnCopy, RemoveHeadersOnCopy, ); }; };
		C721EB9F243BB00600844C0C /* Array+Ext.swift in Sources */ = {isa = PBXBuildFile; fileRef = C70DA3F92438E34A00EF7217 /* Array+Ext.swift */; };
		C721EBA1243BB00600844C0C /* String+Ext.swift in Sources */ = {isa = PBXBuildFile; fileRef = C7E82B87243912580008C67F /* String+Ext.swift */; };
		C721EBAE243BB0E400844C0C /* SHRow.swift in Sources */ = {isa = PBXBuildFile; fileRef = C70DA4022438E8E400EF7217 /* SHRow.swift */; };
		C721EBAF243BB0E400844C0C /* UICollectionView+Ext.swift in Sources */ = {isa = PBXBuildFile; fileRef = C7AF4DA52438EF8A0066DEB0 /* UICollectionView+Ext.swift */; };
		C721EBB6243BC7ED00844C0C /* SHHeroesViewModel.swift in Sources */ = {isa = PBXBuildFile; fileRef = C721EBB5243BC7ED00844C0C /* SHHeroesViewModel.swift */; };
		C740F7142436363200C47497 /* AppDelegate.swift in Sources */ = {isa = PBXBuildFile; fileRef = C740F7132436363200C47497 /* AppDelegate.swift */; };
		C740F7162436363200C47497 /* SceneDelegate.swift in Sources */ = {isa = PBXBuildFile; fileRef = C740F7152436363200C47497 /* SceneDelegate.swift */; };
		C740F71D2436363600C47497 /* Assets.xcassets in Resources */ = {isa = PBXBuildFile; fileRef = C740F71C2436363600C47497 /* Assets.xcassets */; };
		C740F7202436363600C47497 /* LaunchScreen.storyboard in Resources */ = {isa = PBXBuildFile; fileRef = C740F71E2436363600C47497 /* LaunchScreen.storyboard */; };
		C740F72B2436363600C47497 /* ExtensionsTests.swift in Sources */ = {isa = PBXBuildFile; fileRef = C740F72A2436363600C47497 /* ExtensionsTests.swift */; };
		C75126CE244134FB002BEE7A /* SHSquadDetailCollectionViewFlowLayout.swift in Sources */ = {isa = PBXBuildFile; fileRef = C75126CD244134FB002BEE7A /* SHSquadDetailCollectionViewFlowLayout.swift */; };
		C752223C244264CF00DF249F /* SHComicDetailViewController.swift in Sources */ = {isa = PBXBuildFile; fileRef = C752223A244264CF00DF249F /* SHComicDetailViewController.swift */; };
		C752223D244264CF00DF249F /* SHComicDetailViewController.xib in Resources */ = {isa = PBXBuildFile; fileRef = C752223B244264CF00DF249F /* SHComicDetailViewController.xib */; };
		C753C87324405376001995AE /* TransitionAnimation.h in Headers */ = {isa = PBXBuildFile; fileRef = C753C87124405376001995AE /* TransitionAnimation.h */; settings = {ATTRIBUTES = (Public, ); }; };
		C753C87624405376001995AE /* TransitionAnimation.framework in Frameworks */ = {isa = PBXBuildFile; fileRef = C753C86F24405376001995AE /* TransitionAnimation.framework */; };
		C753C87724405376001995AE /* TransitionAnimation.framework in Embed Frameworks */ = {isa = PBXBuildFile; fileRef = C753C86F24405376001995AE /* TransitionAnimation.framework */; settings = {ATTRIBUTES = (CodeSignOnCopy, RemoveHeadersOnCopy, ); }; };
		C753C87B244053C6001995AE /* CardDetailViewController.swift in Sources */ = {isa = PBXBuildFile; fileRef = C753C86224405333001995AE /* CardDetailViewController.swift */; };
		C753C87C244053C6001995AE /* CardTransition.swift in Sources */ = {isa = PBXBuildFile; fileRef = C753C86324405333001995AE /* CardTransition.swift */; };
		C753C87D244053C6001995AE /* UIView+Extension.swift in Sources */ = {isa = PBXBuildFile; fileRef = C753C86424405333001995AE /* UIView+Extension.swift */; };
		C753C87E244053C6001995AE /* UIViewController+Extension.swift in Sources */ = {isa = PBXBuildFile; fileRef = C753C86524405333001995AE /* UIViewController+Extension.swift */; };
		C753C87F244053C6001995AE /* CardPresentationController.swift in Sources */ = {isa = PBXBuildFile; fileRef = C753C86624405333001995AE /* CardPresentationController.swift */; };
		C753C880244053C6001995AE /* PresentCardAnimator.swift in Sources */ = {isa = PBXBuildFile; fileRef = C753C86724405333001995AE /* PresentCardAnimator.swift */; };
		C753C881244053C6001995AE /* DismissCardAnimator.swift in Sources */ = {isa = PBXBuildFile; fileRef = C753C86824405333001995AE /* DismissCardAnimator.swift */; };
		C753C882244053C6001995AE /* CardCollectionViewCell.swift in Sources */ = {isa = PBXBuildFile; fileRef = C753C86924405333001995AE /* CardCollectionViewCell.swift */; };
		C753C88524405900001995AE /* SHHereosCollectionViewCell.swift in Sources */ = {isa = PBXBuildFile; fileRef = C753C88324405900001995AE /* SHHereosCollectionViewCell.swift */; };
		C753C88624405900001995AE /* SHHereosCollectionViewCell.xib in Resources */ = {isa = PBXBuildFile; fileRef = C753C88424405900001995AE /* SHHereosCollectionViewCell.xib */; };
		C753C88924406727001995AE /* SHLoadingCollectionViewCell.swift in Sources */ = {isa = PBXBuildFile; fileRef = C753C88724406727001995AE /* SHLoadingCollectionViewCell.swift */; };
		C753C88A24406727001995AE /* SHLoadingCollectionViewCell.xib in Resources */ = {isa = PBXBuildFile; fileRef = C753C88824406727001995AE /* SHLoadingCollectionViewCell.xib */; };
		C75AF919243F48EF0060993C /* SHSquadDetailViewController.swift in Sources */ = {isa = PBXBuildFile; fileRef = C75AF917243F48EF0060993C /* SHSquadDetailViewController.swift */; };
		C75AF91A243F48EF0060993C /* SHSquadDetailViewController.xib in Resources */ = {isa = PBXBuildFile; fileRef = C75AF918243F48EF0060993C /* SHSquadDetailViewController.xib */; };
		C75CD4D124424E1700B265F1 /* SHViewModelDelegate.swift in Sources */ = {isa = PBXBuildFile; fileRef = C75CD4D024424E1700B265F1 /* SHViewModelDelegate.swift */; };
		C76126E42440C8AF0083EA07 /* SHLabelCollectionViewCell.swift in Sources */ = {isa = PBXBuildFile; fileRef = C76126E22440C8AF0083EA07 /* SHLabelCollectionViewCell.swift */; };
		C76126E52440C8AF0083EA07 /* SHLabelCollectionViewCell.xib in Resources */ = {isa = PBXBuildFile; fileRef = C76126E32440C8AF0083EA07 /* SHLabelCollectionViewCell.xib */; };
		C76126E82440C8BF0083EA07 /* SHButtonCollectionViewCell.swift in Sources */ = {isa = PBXBuildFile; fileRef = C76126E62440C8BF0083EA07 /* SHButtonCollectionViewCell.swift */; };
		C76126E92440C8BF0083EA07 /* SHButtonCollectionViewCell.xib in Resources */ = {isa = PBXBuildFile; fileRef = C76126E72440C8BF0083EA07 /* SHButtonCollectionViewCell.xib */; };
		C76126EC2440CC7C0083EA07 /* SHComicsCollectionViewCell.swift in Sources */ = {isa = PBXBuildFile; fileRef = C76126EA2440CC7C0083EA07 /* SHComicsCollectionViewCell.swift */; };
		C76126ED2440CC7C0083EA07 /* SHComicsCollectionViewCell.xib in Resources */ = {isa = PBXBuildFile; fileRef = C76126EB2440CC7C0083EA07 /* SHComicsCollectionViewCell.xib */; };
		C76126F02440D81B0083EA07 /* SHHeaderCollectionViewCell.swift in Sources */ = {isa = PBXBuildFile; fileRef = C76126EE2440D81B0083EA07 /* SHHeaderCollectionViewCell.swift */; };
		C76126F12440D81B0083EA07 /* SHHeaderCollectionViewCell.xib in Resources */ = {isa = PBXBuildFile; fileRef = C76126EF2440D81B0083EA07 /* SHHeaderCollectionViewCell.xib */; };
		C7836F4424448C150056CCF6 /* SHDismissibleViewController.swift in Sources */ = {isa = PBXBuildFile; fileRef = C7836F4324448C150056CCF6 /* SHDismissibleViewController.swift */; };
		C78807F024434D690070FAFF /* SHImageResource.swift in Sources */ = {isa = PBXBuildFile; fileRef = C7E4E7EB243A4E7B00982553 /* SHImageResource.swift */; };
		C78807F124434D690070FAFF /* SHComic.swift in Sources */ = {isa = PBXBuildFile; fileRef = C721EB85243BACA000844C0C /* SHComic.swift */; };
		C78807F224434D690070FAFF /* SHCharacter.swift in Sources */ = {isa = PBXBuildFile; fileRef = C721EB83243BAC8C00844C0C /* SHCharacter.swift */; };
		C78807F324434D690070FAFF /* SHPagination.swift in Sources */ = {isa = PBXBuildFile; fileRef = C721EBB1243BBB1B00844C0C /* SHPagination.swift */; };
		C7889D6E2442EC7A00064BF3 /* SHComicCollectionViewCell.swift in Sources */ = {isa = PBXBuildFile; fileRef = C7889D6C2442EC7A00064BF3 /* SHComicCollectionViewCell.swift */; };
		C7889D6F2442EC7A00064BF3 /* SHComicCollectionViewCell.xib in Resources */ = {isa = PBXBuildFile; fileRef = C7889D6D2442EC7A00064BF3 /* SHComicCollectionViewCell.xib */; };
		C78E6E7C2438E032005F67B4 /* Marvel-Regular.ttf in Resources */ = {isa = PBXBuildFile; fileRef = C78E6E7B2438E032005F67B4 /* Marvel-Regular.ttf */; };
		C7B48FDA2440B23600C73D68 /* UIViewController+Ext.swift in Sources */ = {isa = PBXBuildFile; fileRef = C7E983E52438C010003A8E54 /* UIViewController+Ext.swift */; };
		C7B48FDC2440BE8000C73D68 /* SHSquadDetailCollectionViewManager.swift in Sources */ = {isa = PBXBuildFile; fileRef = C7B48FDB2440BE8000C73D68 /* SHSquadDetailCollectionViewManager.swift */; };
		C7BDD1182444604F002A0DDB /* Marvel-Regular.ttf in Resources */ = {isa = PBXBuildFile; fileRef = C78E6E7B2438E032005F67B4 /* Marvel-Regular.ttf */; };
		C7BDD1192444607B002A0DDB /* UIFont+Ext.swift in Sources */ = {isa = PBXBuildFile; fileRef = C78E6E792438DFCB005F67B4 /* UIFont+Ext.swift */; };
		C7E136E32444E93300C3D0EC /* UICollectionViewCell+Ext.swift in Sources */ = {isa = PBXBuildFile; fileRef = C7E136E22444E93300C3D0EC /* UICollectionViewCell+Ext.swift */; };
		C7E136E52444EAA200C3D0EC /* DataModelTests.swift in Sources */ = {isa = PBXBuildFile; fileRef = C7E136E42444EAA200C3D0EC /* DataModelTests.swift */; };
		C7E136E624450E8300C3D0EC /* CryptoSwift.framework in Frameworks */ = {isa = PBXBuildFile; fileRef = C7E57280243A2A2C0019E95F /* CryptoSwift.framework */; };
		C7E4E7EA243A4E3B00982553 /* URLSessionTests.swift in Sources */ = {isa = PBXBuildFile; fileRef = C7E4E7E9243A4E3B00982553 /* URLSessionTests.swift */; };
		C7E5727E243A29B70019E95F /* Cartfile in Resources */ = {isa = PBXBuildFile; fileRef = C7E5727C243A29B70019E95F /* Cartfile */; };
		C7E5727F243A29B70019E95F /* Cartfile.resolved in Resources */ = {isa = PBXBuildFile; fileRef = C7E5727D243A29B70019E95F /* Cartfile.resolved */; };
		C7E82B84243911DF0008C67F /* Localizable.strings in Resources */ = {isa = PBXBuildFile; fileRef = C7E82B86243911DF0008C67F /* Localizable.strings */; };
		C7E82B8F243925A20008C67F /* SHCharacterModel.xcdatamodeld in Sources */ = {isa = PBXBuildFile; fileRef = C7E82B8D243925A20008C67F /* SHCharacterModel.xcdatamodeld */; };
		C7E983D32438AA07003A8E54 /* SHNavigationViewController.swift in Sources */ = {isa = PBXBuildFile; fileRef = C7E983D22438AA07003A8E54 /* SHNavigationViewController.swift */; };
		C7E983D82438AB82003A8E54 /* SHHomeViewController.swift in Sources */ = {isa = PBXBuildFile; fileRef = C7E983D62438AB82003A8E54 /* SHHomeViewController.swift */; };
		C7E983D92438AB82003A8E54 /* SHHomeViewController.xib in Resources */ = {isa = PBXBuildFile; fileRef = C7E983D72438AB82003A8E54 /* SHHomeViewController.xib */; };
		C7E983DC2438AC1A003A8E54 /* SHSquadDetailViewModel.swift in Sources */ = {isa = PBXBuildFile; fileRef = C7E983DB2438AC1A003A8E54 /* SHSquadDetailViewModel.swift */; };
		C7E983DE2438ACE8003A8E54 /* SHCharacterModel.swift in Sources */ = {isa = PBXBuildFile; fileRef = C7E983DD2438ACE8003A8E54 /* SHCharacterModel.swift */; };
		C7F2C2E62443B4260000D892 /* SHMarvelAPIProvider+Ext.swift in Sources */ = {isa = PBXBuildFile; fileRef = C7F2C2E52443B4260000D892 /* SHMarvelAPIProvider+Ext.swift */; };
		C7F2C2E82443B47F0000D892 /* SHSquadStatus.swift in Sources */ = {isa = PBXBuildFile; fileRef = C7F2C2E72443B47F0000D892 /* SHSquadStatus.swift */; };
		C7F2C2EC2443B5B30000D892 /* SHPageModel.swift in Sources */ = {isa = PBXBuildFile; fileRef = C7F2C2EB2443B5B30000D892 /* SHPageModel.swift */; };
		C7F2C2F02443BD940000D892 /* SHSquadStatus+Ext.swift in Sources */ = {isa = PBXBuildFile; fileRef = C7F2C2EF2443BD940000D892 /* SHSquadStatus+Ext.swift */; };
		C7F4948D243A7E780096556E /* APIRequestTests.swift in Sources */ = {isa = PBXBuildFile; fileRef = C7F4948C243A7E780096556E /* APIRequestTests.swift */; };
		C7FCCC91243CFC4200851CFC /* SDWebImage.framework in Frameworks */ = {isa = PBXBuildFile; fileRef = C7FCCC90243CFC4200851CFC /* SDWebImage.framework */; };
		C7FCCC95243CFD8900851CFC /* SDWebImage.framework in Embed Frameworks */ = {isa = PBXBuildFile; fileRef = C7FCCC90243CFC4200851CFC /* SDWebImage.framework */; settings = {ATTRIBUTES = (CodeSignOnCopy, RemoveHeadersOnCopy, ); }; };
/* End PBXBuildFile section */

/* Begin PBXContainerItemProxy section */
		C721EB5B243B643800844C0C /* PBXContainerItemProxy */ = {
			isa = PBXContainerItemProxy;
			containerPortal = C740F7082436363200C47497 /* Project object */;
			proxyType = 1;
			remoteGlobalIDString = C721EB55243B643800844C0C;
			remoteInfo = SHAPIKit;
		};
		C721EB7C243BAC6300844C0C /* PBXContainerItemProxy */ = {
			isa = PBXContainerItemProxy;
			containerPortal = C740F7082436363200C47497 /* Project object */;
			proxyType = 1;
			remoteGlobalIDString = C721EB76243BAC6300844C0C;
			remoteInfo = SHData;
		};
		C721EB8A243BAD4100844C0C /* PBXContainerItemProxy */ = {
			isa = PBXContainerItemProxy;
			containerPortal = C740F7082436363200C47497 /* Project object */;
			proxyType = 1;
			remoteGlobalIDString = C721EB76243BAC6300844C0C;
			remoteInfo = SHData;
		};
		C721EB97243BAFF000844C0C /* PBXContainerItemProxy */ = {
			isa = PBXContainerItemProxy;
			containerPortal = C740F7082436363200C47497 /* Project object */;
			proxyType = 1;
			remoteGlobalIDString = C721EB91243BAFF000844C0C;
			remoteInfo = SHCore;
		};
		C740F7272436363600C47497 /* PBXContainerItemProxy */ = {
			isa = PBXContainerItemProxy;
			containerPortal = C740F7082436363200C47497 /* Project object */;
			proxyType = 1;
			remoteGlobalIDString = C740F70F2436363200C47497;
			remoteInfo = PlumSuperheroSquad;
		};
		C753C87424405376001995AE /* PBXContainerItemProxy */ = {
			isa = PBXContainerItemProxy;
			containerPortal = C740F7082436363200C47497 /* Project object */;
			proxyType = 1;
			remoteGlobalIDString = C753C86E24405376001995AE;
			remoteInfo = TransitionAnimation;
		};
/* End PBXContainerItemProxy section */

/* Begin PBXCopyFilesBuildPhase section */
		C709C5E9243A2E25006883BA /* Embed Frameworks */ = {
			isa = PBXCopyFilesBuildPhase;
			buildActionMask = 2147483647;
			dstPath = "";
			dstSubfolderSpec = 10;
			files = (
				C721EB9A243BAFF000844C0C /* SHCore.framework in Embed Frameworks */,
				C721EB7F243BAC6300844C0C /* SHData.framework in Embed Frameworks */,
				C709C5E8243A2E25006883BA /* CryptoSwift.framework in Embed Frameworks */,
				C7FCCC95243CFD8900851CFC /* SDWebImage.framework in Embed Frameworks */,
				C753C87724405376001995AE /* TransitionAnimation.framework in Embed Frameworks */,
				C721EB5E243B643800844C0C /* SHAPIKit.framework in Embed Frameworks */,
			);
			name = "Embed Frameworks";
			runOnlyForDeploymentPostprocessing = 0;
		};
/* End PBXCopyFilesBuildPhase section */

/* Begin PBXFileReference section */
		C70633AA2439D4160037BBAC /* SHEndpointType.swift */ = {isa = PBXFileReference; lastKnownFileType = sourcecode.swift; path = SHEndpointType.swift; sourceTree = "<group>"; };
		C70633AC2439D5540037BBAC /* SHHTTPMethod.swift */ = {isa = PBXFileReference; lastKnownFileType = sourcecode.swift; path = SHHTTPMethod.swift; sourceTree = "<group>"; };
		C70633AE2439D5850037BBAC /* SHHTTPTask.swift */ = {isa = PBXFileReference; lastKnownFileType = sourcecode.swift; path = SHHTTPTask.swift; sourceTree = "<group>"; };
		C70633B02439D6A40037BBAC /* SHParameterEncoding.swift */ = {isa = PBXFileReference; lastKnownFileType = sourcecode.swift; path = SHParameterEncoding.swift; sourceTree = "<group>"; };
		C70DA3F92438E34A00EF7217 /* Array+Ext.swift */ = {isa = PBXFileReference; lastKnownFileType = sourcecode.swift; path = "Array+Ext.swift"; sourceTree = "<group>"; };
		C70DA3FE2438E82600EF7217 /* SHSquadCollectionViewManager.swift */ = {isa = PBXFileReference; lastKnownFileType = sourcecode.swift; path = SHSquadCollectionViewManager.swift; sourceTree = "<group>"; };
		C70DA4002438E84000EF7217 /* SHHeroesCollectionViewManager.swift */ = {isa = PBXFileReference; lastKnownFileType = sourcecode.swift; path = SHHeroesCollectionViewManager.swift; sourceTree = "<group>"; };
		C70DA4022438E8E400EF7217 /* SHRow.swift */ = {isa = PBXFileReference; lastKnownFileType = sourcecode.swift; path = SHRow.swift; sourceTree = "<group>"; };
		C70DA4042438E99200EF7217 /* SHSquadCollectionViewCell.swift */ = {isa = PBXFileReference; lastKnownFileType = sourcecode.swift; path = SHSquadCollectionViewCell.swift; sourceTree = "<group>"; };
		C70DA4052438E99200EF7217 /* SHSquadCollectionViewCell.xib */ = {isa = PBXFileReference; lastKnownFileType = file.xib; path = SHSquadCollectionViewCell.xib; sourceTree = "<group>"; };
		C721EB56243B643800844C0C /* SHAPIKit.framework */ = {isa = PBXFileReference; explicitFileType = wrapper.framework; includeInIndex = 0; path = SHAPIKit.framework; sourceTree = BUILT_PRODUCTS_DIR; };
		C721EB58243B643800844C0C /* SHAPIKit.h */ = {isa = PBXFileReference; lastKnownFileType = sourcecode.c.h; path = SHAPIKit.h; sourceTree = "<group>"; };
		C721EB59243B643800844C0C /* Info.plist */ = {isa = PBXFileReference; lastKnownFileType = text.plist.xml; path = Info.plist; sourceTree = "<group>"; };
		C721EB77243BAC6300844C0C /* SHData.framework */ = {isa = PBXFileReference; explicitFileType = wrapper.framework; includeInIndex = 0; path = SHData.framework; sourceTree = BUILT_PRODUCTS_DIR; };
		C721EB79243BAC6300844C0C /* SHData.h */ = {isa = PBXFileReference; lastKnownFileType = sourcecode.c.h; path = SHData.h; sourceTree = "<group>"; };
		C721EB7A243BAC6300844C0C /* Info.plist */ = {isa = PBXFileReference; lastKnownFileType = text.plist.xml; path = Info.plist; sourceTree = "<group>"; };
		C721EB83243BAC8C00844C0C /* SHCharacter.swift */ = {isa = PBXFileReference; lastKnownFileType = sourcecode.swift; path = SHCharacter.swift; sourceTree = "<group>"; };
		C721EB85243BACA000844C0C /* SHComic.swift */ = {isa = PBXFileReference; lastKnownFileType = sourcecode.swift; path = SHComic.swift; sourceTree = "<group>"; };
		C721EB92243BAFF000844C0C /* SHCore.framework */ = {isa = PBXFileReference; explicitFileType = wrapper.framework; includeInIndex = 0; path = SHCore.framework; sourceTree = BUILT_PRODUCTS_DIR; };
		C721EB94243BAFF000844C0C /* SHCore.h */ = {isa = PBXFileReference; lastKnownFileType = sourcecode.c.h; path = SHCore.h; sourceTree = "<group>"; };
		C721EB95243BAFF000844C0C /* Info.plist */ = {isa = PBXFileReference; lastKnownFileType = text.plist.xml; path = Info.plist; sourceTree = "<group>"; };
		C721EBB1243BBB1B00844C0C /* SHPagination.swift */ = {isa = PBXFileReference; lastKnownFileType = sourcecode.swift; path = SHPagination.swift; sourceTree = "<group>"; };
		C721EBB5243BC7ED00844C0C /* SHHeroesViewModel.swift */ = {isa = PBXFileReference; lastKnownFileType = sourcecode.swift; path = SHHeroesViewModel.swift; sourceTree = "<group>"; };
		C7275D152439DC580069471C /* SHURLParameterEncoder.swift */ = {isa = PBXFileReference; lastKnownFileType = sourcecode.swift; path = SHURLParameterEncoder.swift; sourceTree = "<group>"; };
		C7275D172439DC750069471C /* SHJSONParameterEncoder.swift */ = {isa = PBXFileReference; lastKnownFileType = sourcecode.swift; path = SHJSONParameterEncoder.swift; sourceTree = "<group>"; };
		C7275D192439EEF50069471C /* SHAPIRequest.swift */ = {isa = PBXFileReference; lastKnownFileType = sourcecode.swift; path = SHAPIRequest.swift; sourceTree = "<group>"; };
		C7275D1B2439F0D00069471C /* SHAPINetworkStatus.swift */ = {isa = PBXFileReference; lastKnownFileType = sourcecode.swift; path = SHAPINetworkStatus.swift; sourceTree = "<group>"; };
		C7275D1D2439F3DE0069471C /* SHMarvelAPIProvider.swift */ = {isa = PBXFileReference; lastKnownFileType = sourcecode.swift; path = SHMarvelAPIProvider.swift; sourceTree = "<group>"; };
		C740F7102436363200C47497 /* SuperheroSquad.app */ = {isa = PBXFileReference; explicitFileType = wrapper.application; includeInIndex = 0; path = SuperheroSquad.app; sourceTree = BUILT_PRODUCTS_DIR; };
		C740F7132436363200C47497 /* AppDelegate.swift */ = {isa = PBXFileReference; lastKnownFileType = sourcecode.swift; path = AppDelegate.swift; sourceTree = "<group>"; };
		C740F7152436363200C47497 /* SceneDelegate.swift */ = {isa = PBXFileReference; lastKnownFileType = sourcecode.swift; path = SceneDelegate.swift; sourceTree = "<group>"; };
		C740F71C2436363600C47497 /* Assets.xcassets */ = {isa = PBXFileReference; lastKnownFileType = folder.assetcatalog; path = Assets.xcassets; sourceTree = "<group>"; };
		C740F71F2436363600C47497 /* Base */ = {isa = PBXFileReference; lastKnownFileType = file.storyboard; name = Base; path = Base.lproj/LaunchScreen.storyboard; sourceTree = "<group>"; };
		C740F7212436363600C47497 /* Info.plist */ = {isa = PBXFileReference; lastKnownFileType = text.plist.xml; path = Info.plist; sourceTree = "<group>"; };
		C740F7262436363600C47497 /* SuperheroSquadTests.xctest */ = {isa = PBXFileReference; explicitFileType = wrapper.cfbundle; includeInIndex = 0; path = SuperheroSquadTests.xctest; sourceTree = BUILT_PRODUCTS_DIR; };
		C740F72A2436363600C47497 /* ExtensionsTests.swift */ = {isa = PBXFileReference; lastKnownFileType = sourcecode.swift; path = ExtensionsTests.swift; sourceTree = "<group>"; };
		C740F72C2436363600C47497 /* Info.plist */ = {isa = PBXFileReference; lastKnownFileType = text.plist.xml; path = Info.plist; sourceTree = "<group>"; };
		C75126CD244134FB002BEE7A /* SHSquadDetailCollectionViewFlowLayout.swift */ = {isa = PBXFileReference; lastKnownFileType = sourcecode.swift; path = SHSquadDetailCollectionViewFlowLayout.swift; sourceTree = "<group>"; };
		C752223A244264CF00DF249F /* SHComicDetailViewController.swift */ = {isa = PBXFileReference; lastKnownFileType = sourcecode.swift; path = SHComicDetailViewController.swift; sourceTree = "<group>"; };
		C752223B244264CF00DF249F /* SHComicDetailViewController.xib */ = {isa = PBXFileReference; lastKnownFileType = file.xib; path = SHComicDetailViewController.xib; sourceTree = "<group>"; };
		C753C86224405333001995AE /* CardDetailViewController.swift */ = {isa = PBXFileReference; lastKnownFileType = sourcecode.swift; path = CardDetailViewController.swift; sourceTree = "<group>"; };
		C753C86324405333001995AE /* CardTransition.swift */ = {isa = PBXFileReference; lastKnownFileType = sourcecode.swift; path = CardTransition.swift; sourceTree = "<group>"; };
		C753C86424405333001995AE /* UIView+Extension.swift */ = {isa = PBXFileReference; lastKnownFileType = sourcecode.swift; path = "UIView+Extension.swift"; sourceTree = "<group>"; };
		C753C86524405333001995AE /* UIViewController+Extension.swift */ = {isa = PBXFileReference; lastKnownFileType = sourcecode.swift; path = "UIViewController+Extension.swift"; sourceTree = "<group>"; };
		C753C86624405333001995AE /* CardPresentationController.swift */ = {isa = PBXFileReference; lastKnownFileType = sourcecode.swift; path = CardPresentationController.swift; sourceTree = "<group>"; };
		C753C86724405333001995AE /* PresentCardAnimator.swift */ = {isa = PBXFileReference; lastKnownFileType = sourcecode.swift; path = PresentCardAnimator.swift; sourceTree = "<group>"; };
		C753C86824405333001995AE /* DismissCardAnimator.swift */ = {isa = PBXFileReference; lastKnownFileType = sourcecode.swift; path = DismissCardAnimator.swift; sourceTree = "<group>"; };
		C753C86924405333001995AE /* CardCollectionViewCell.swift */ = {isa = PBXFileReference; lastKnownFileType = sourcecode.swift; path = CardCollectionViewCell.swift; sourceTree = "<group>"; };
		C753C86F24405376001995AE /* TransitionAnimation.framework */ = {isa = PBXFileReference; explicitFileType = wrapper.framework; includeInIndex = 0; path = TransitionAnimation.framework; sourceTree = BUILT_PRODUCTS_DIR; };
		C753C87124405376001995AE /* TransitionAnimation.h */ = {isa = PBXFileReference; lastKnownFileType = sourcecode.c.h; path = TransitionAnimation.h; sourceTree = "<group>"; };
		C753C87224405376001995AE /* Info.plist */ = {isa = PBXFileReference; lastKnownFileType = text.plist.xml; path = Info.plist; sourceTree = "<group>"; };
		C753C88324405900001995AE /* SHHereosCollectionViewCell.swift */ = {isa = PBXFileReference; lastKnownFileType = sourcecode.swift; path = SHHereosCollectionViewCell.swift; sourceTree = "<group>"; };
		C753C88424405900001995AE /* SHHereosCollectionViewCell.xib */ = {isa = PBXFileReference; lastKnownFileType = file.xib; path = SHHereosCollectionViewCell.xib; sourceTree = "<group>"; };
		C753C88724406727001995AE /* SHLoadingCollectionViewCell.swift */ = {isa = PBXFileReference; lastKnownFileType = sourcecode.swift; path = SHLoadingCollectionViewCell.swift; sourceTree = "<group>"; };
		C753C88824406727001995AE /* SHLoadingCollectionViewCell.xib */ = {isa = PBXFileReference; lastKnownFileType = file.xib; path = SHLoadingCollectionViewCell.xib; sourceTree = "<group>"; };
		C75AF917243F48EF0060993C /* SHSquadDetailViewController.swift */ = {isa = PBXFileReference; lastKnownFileType = sourcecode.swift; path = SHSquadDetailViewController.swift; sourceTree = "<group>"; };
		C75AF918243F48EF0060993C /* SHSquadDetailViewController.xib */ = {isa = PBXFileReference; lastKnownFileType = file.xib; path = SHSquadDetailViewController.xib; sourceTree = "<group>"; };
		C75CD4D024424E1700B265F1 /* SHViewModelDelegate.swift */ = {isa = PBXFileReference; lastKnownFileType = sourcecode.swift; path = SHViewModelDelegate.swift; sourceTree = "<group>"; };
		C76126E22440C8AF0083EA07 /* SHLabelCollectionViewCell.swift */ = {isa = PBXFileReference; lastKnownFileType = sourcecode.swift; path = SHLabelCollectionViewCell.swift; sourceTree = "<group>"; };
		C76126E32440C8AF0083EA07 /* SHLabelCollectionViewCell.xib */ = {isa = PBXFileReference; lastKnownFileType = file.xib; path = SHLabelCollectionViewCell.xib; sourceTree = "<group>"; };
		C76126E62440C8BF0083EA07 /* SHButtonCollectionViewCell.swift */ = {isa = PBXFileReference; lastKnownFileType = sourcecode.swift; path = SHButtonCollectionViewCell.swift; sourceTree = "<group>"; };
		C76126E72440C8BF0083EA07 /* SHButtonCollectionViewCell.xib */ = {isa = PBXFileReference; lastKnownFileType = file.xib; path = SHButtonCollectionViewCell.xib; sourceTree = "<group>"; };
		C76126EA2440CC7C0083EA07 /* SHComicsCollectionViewCell.swift */ = {isa = PBXFileReference; lastKnownFileType = sourcecode.swift; path = SHComicsCollectionViewCell.swift; sourceTree = "<group>"; };
		C76126EB2440CC7C0083EA07 /* SHComicsCollectionViewCell.xib */ = {isa = PBXFileReference; lastKnownFileType = file.xib; path = SHComicsCollectionViewCell.xib; sourceTree = "<group>"; };
		C76126EE2440D81B0083EA07 /* SHHeaderCollectionViewCell.swift */ = {isa = PBXFileReference; lastKnownFileType = sourcecode.swift; path = SHHeaderCollectionViewCell.swift; sourceTree = "<group>"; };
		C76126EF2440D81B0083EA07 /* SHHeaderCollectionViewCell.xib */ = {isa = PBXFileReference; lastKnownFileType = file.xib; path = SHHeaderCollectionViewCell.xib; sourceTree = "<group>"; };
		C7836F4324448C150056CCF6 /* SHDismissibleViewController.swift */ = {isa = PBXFileReference; lastKnownFileType = sourcecode.swift; path = SHDismissibleViewController.swift; sourceTree = "<group>"; };
		C7889D6C2442EC7A00064BF3 /* SHComicCollectionViewCell.swift */ = {isa = PBXFileReference; lastKnownFileType = sourcecode.swift; path = SHComicCollectionViewCell.swift; sourceTree = "<group>"; };
		C7889D6D2442EC7A00064BF3 /* SHComicCollectionViewCell.xib */ = {isa = PBXFileReference; lastKnownFileType = file.xib; path = SHComicCollectionViewCell.xib; sourceTree = "<group>"; };
		C78E6E692438C2C0005F67B4 /* SHMarvelAPI.swift */ = {isa = PBXFileReference; lastKnownFileType = sourcecode.swift; path = SHMarvelAPI.swift; sourceTree = "<group>"; };
		C78E6E6B2438C315005F67B4 /* SHURLSession.swift */ = {isa = PBXFileReference; lastKnownFileType = sourcecode.swift; path = SHURLSession.swift; sourceTree = "<group>"; };
		C78E6E6D2438C366005F67B4 /* SHError.swift */ = {isa = PBXFileReference; lastKnownFileType = sourcecode.swift; path = SHError.swift; sourceTree = "<group>"; };
		C78E6E752438CF1A005F67B4 /* UIImage+Ext.swift */ = {isa = PBXFileReference; lastKnownFileType = sourcecode.swift; path = "UIImage+Ext.swift"; sourceTree = "<group>"; };
		C78E6E772438CF78005F67B4 /* UIView+Ext.swift */ = {isa = PBXFileReference; lastKnownFileType = sourcecode.swift; path = "UIView+Ext.swift"; sourceTree = "<group>"; };
		C78E6E792438DFCB005F67B4 /* UIFont+Ext.swift */ = {isa = PBXFileReference; lastKnownFileType = sourcecode.swift; path = "UIFont+Ext.swift"; sourceTree = "<group>"; };
		C78E6E7B2438E032005F67B4 /* Marvel-Regular.ttf */ = {isa = PBXFileReference; lastKnownFileType = file; path = "Marvel-Regular.ttf"; sourceTree = "<group>"; };
		C7AF4DA52438EF8A0066DEB0 /* UICollectionView+Ext.swift */ = {isa = PBXFileReference; lastKnownFileType = sourcecode.swift; path = "UICollectionView+Ext.swift"; sourceTree = "<group>"; };
		C7B48FDB2440BE8000C73D68 /* SHSquadDetailCollectionViewManager.swift */ = {isa = PBXFileReference; lastKnownFileType = sourcecode.swift; path = SHSquadDetailCollectionViewManager.swift; sourceTree = "<group>"; };
		C7E136E22444E93300C3D0EC /* UICollectionViewCell+Ext.swift */ = {isa = PBXFileReference; fileEncoding = 4; lastKnownFileType = sourcecode.swift; path = "UICollectionViewCell+Ext.swift"; sourceTree = "<group>"; };
		C7E136E42444EAA200C3D0EC /* DataModelTests.swift */ = {isa = PBXFileReference; lastKnownFileType = sourcecode.swift; path = DataModelTests.swift; sourceTree = "<group>"; };
		C7E4E7E9243A4E3B00982553 /* URLSessionTests.swift */ = {isa = PBXFileReference; lastKnownFileType = sourcecode.swift; path = URLSessionTests.swift; sourceTree = "<group>"; };
		C7E4E7EB243A4E7B00982553 /* SHImageResource.swift */ = {isa = PBXFileReference; lastKnownFileType = sourcecode.swift; path = SHImageResource.swift; sourceTree = "<group>"; };
		C7E5727C243A29B70019E95F /* Cartfile */ = {isa = PBXFileReference; fileEncoding = 4; lastKnownFileType = text; path = Cartfile; sourceTree = SOURCE_ROOT; };
		C7E5727D243A29B70019E95F /* Cartfile.resolved */ = {isa = PBXFileReference; lastKnownFileType = text; path = Cartfile.resolved; sourceTree = SOURCE_ROOT; };
		C7E57280243A2A2C0019E95F /* CryptoSwift.framework */ = {isa = PBXFileReference; lastKnownFileType = wrapper.framework; path = CryptoSwift.framework; sourceTree = "<group>"; };
		C7E82B85243911DF0008C67F /* en */ = {isa = PBXFileReference; lastKnownFileType = text.plist.strings; name = en; path = en.lproj/Localizable.strings; sourceTree = "<group>"; };
		C7E82B87243912580008C67F /* String+Ext.swift */ = {isa = PBXFileReference; lastKnownFileType = sourcecode.swift; path = "String+Ext.swift"; sourceTree = "<group>"; };
		C7E82B89243914B20008C67F /* UIAlertController+Ext.swift */ = {isa = PBXFileReference; lastKnownFileType = sourcecode.swift; path = "UIAlertController+Ext.swift"; sourceTree = "<group>"; };
		C7E82B8B2439186C0008C67F /* Reachability.swift */ = {isa = PBXFileReference; fileEncoding = 4; lastKnownFileType = sourcecode.swift; path = Reachability.swift; sourceTree = "<group>"; };
		C7E82B8E243925A20008C67F /* SHCharacterModel.xcdatamodel */ = {isa = PBXFileReference; lastKnownFileType = wrapper.xcdatamodel; path = SHCharacterModel.xcdatamodel; sourceTree = "<group>"; };
		C7E983D22438AA07003A8E54 /* SHNavigationViewController.swift */ = {isa = PBXFileReference; lastKnownFileType = sourcecode.swift; path = SHNavigationViewController.swift; sourceTree = "<group>"; };
		C7E983D62438AB82003A8E54 /* SHHomeViewController.swift */ = {isa = PBXFileReference; lastKnownFileType = sourcecode.swift; path = SHHomeViewController.swift; sourceTree = "<group>"; };
		C7E983D72438AB82003A8E54 /* SHHomeViewController.xib */ = {isa = PBXFileReference; lastKnownFileType = file.xib; path = SHHomeViewController.xib; sourceTree = "<group>"; };
		C7E983DB2438AC1A003A8E54 /* SHSquadDetailViewModel.swift */ = {isa = PBXFileReference; lastKnownFileType = sourcecode.swift; path = SHSquadDetailViewModel.swift; sourceTree = "<group>"; };
		C7E983DD2438ACE8003A8E54 /* SHCharacterModel.swift */ = {isa = PBXFileReference; lastKnownFileType = sourcecode.swift; path = SHCharacterModel.swift; sourceTree = "<group>"; };
		C7E983E12438AF79003A8E54 /* UIImageView+Ext.swift */ = {isa = PBXFileReference; lastKnownFileType = sourcecode.swift; path = "UIImageView+Ext.swift"; sourceTree = "<group>"; };
		C7E983E32438BC4A003A8E54 /* UIColor+Ext.swift */ = {isa = PBXFileReference; lastKnownFileType = sourcecode.swift; path = "UIColor+Ext.swift"; sourceTree = "<group>"; };
		C7E983E52438C010003A8E54 /* UIViewController+Ext.swift */ = {isa = PBXFileReference; lastKnownFileType = sourcecode.swift; path = "UIViewController+Ext.swift"; sourceTree = "<group>"; };
		C7F2C2E52443B4260000D892 /* SHMarvelAPIProvider+Ext.swift */ = {isa = PBXFileReference; lastKnownFileType = sourcecode.swift; path = "SHMarvelAPIProvider+Ext.swift"; sourceTree = "<group>"; };
		C7F2C2E72443B47F0000D892 /* SHSquadStatus.swift */ = {isa = PBXFileReference; lastKnownFileType = sourcecode.swift; path = SHSquadStatus.swift; sourceTree = "<group>"; };
		C7F2C2EB2443B5B30000D892 /* SHPageModel.swift */ = {isa = PBXFileReference; lastKnownFileType = sourcecode.swift; path = SHPageModel.swift; sourceTree = "<group>"; };
		C7F2C2EF2443BD940000D892 /* SHSquadStatus+Ext.swift */ = {isa = PBXFileReference; fileEncoding = 4; lastKnownFileType = sourcecode.swift; path = "SHSquadStatus+Ext.swift"; sourceTree = "<group>"; };
		C7F4948C243A7E780096556E /* APIRequestTests.swift */ = {isa = PBXFileReference; lastKnownFileType = sourcecode.swift; path = APIRequestTests.swift; sourceTree = "<group>"; };
		C7FCCC90243CFC4200851CFC /* SDWebImage.framework */ = {isa = PBXFileReference; lastKnownFileType = wrapper.framework; path = SDWebImage.framework; sourceTree = "<group>"; };
/* End PBXFileReference section */

/* Begin PBXFrameworksBuildPhase section */
		C721EB53243B643800844C0C /* Frameworks */ = {
			isa = PBXFrameworksBuildPhase;
			buildActionMask = 2147483647;
			files = (
				C721EB62243B645800844C0C /* CryptoSwift.framework in Frameworks */,
				C721EB88243BAD4100844C0C /* SHData.framework in Frameworks */,
			);
			runOnlyForDeploymentPostprocessing = 0;
		};
		C721EB74243BAC6300844C0C /* Frameworks */ = {
			isa = PBXFrameworksBuildPhase;
			buildActionMask = 2147483647;
			files = (
			);
			runOnlyForDeploymentPostprocessing = 0;
		};
		C721EB8F243BAFF000844C0C /* Frameworks */ = {
			isa = PBXFrameworksBuildPhase;
			buildActionMask = 2147483647;
			files = (
			);
			runOnlyForDeploymentPostprocessing = 0;
		};
		C740F70D2436363200C47497 /* Frameworks */ = {
			isa = PBXFrameworksBuildPhase;
			buildActionMask = 2147483647;
			files = (
				C7FCCC91243CFC4200851CFC /* SDWebImage.framework in Frameworks */,
				C721EB99243BAFF000844C0C /* SHCore.framework in Frameworks */,
				C721EB7E243BAC6300844C0C /* SHData.framework in Frameworks */,
				C709C5E7243A2E25006883BA /* CryptoSwift.framework in Frameworks */,
				C753C87624405376001995AE /* TransitionAnimation.framework in Frameworks */,
				C721EB5D243B643800844C0C /* SHAPIKit.framework in Frameworks */,
			);
			runOnlyForDeploymentPostprocessing = 0;
		};
		C740F7232436363600C47497 /* Frameworks */ = {
			isa = PBXFrameworksBuildPhase;
			buildActionMask = 2147483647;
			files = (
				C7E136E624450E8300C3D0EC /* CryptoSwift.framework in Frameworks */,
			);
			runOnlyForDeploymentPostprocessing = 0;
		};
		C753C86C24405376001995AE /* Frameworks */ = {
			isa = PBXFrameworksBuildPhase;
			buildActionMask = 2147483647;
			files = (
			);
			runOnlyForDeploymentPostprocessing = 0;
		};
/* End PBXFrameworksBuildPhase section */

/* Begin PBXGroup section */
		C70633A82439D3A50037BBAC /* Endpoints */ = {
			isa = PBXGroup;
			children = (
				C70633AA2439D4160037BBAC /* SHEndpointType.swift */,
				C78E6E692438C2C0005F67B4 /* SHMarvelAPI.swift */,
				C7275D1D2439F3DE0069471C /* SHMarvelAPIProvider.swift */,
			);
			path = Endpoints;
			sourceTree = "<group>";
		};
		C70633A92439D3B50037BBAC /* Services */ = {
			isa = PBXGroup;
			children = (
				C78E6E6D2438C366005F67B4 /* SHError.swift */,
				C70633AC2439D5540037BBAC /* SHHTTPMethod.swift */,
				C70633AE2439D5850037BBAC /* SHHTTPTask.swift */,
				C78E6E6B2438C315005F67B4 /* SHURLSession.swift */,
				C7275D192439EEF50069471C /* SHAPIRequest.swift */,
			);
			path = Services;
			sourceTree = "<group>";
		};
		C70DA3FD2438E77500EF7217 /* Managers */ = {
			isa = PBXGroup;
			children = (
				C7B48FDB2440BE8000C73D68 /* SHSquadDetailCollectionViewManager.swift */,
				C70DA3FE2438E82600EF7217 /* SHSquadCollectionViewManager.swift */,
				C70DA4002438E84000EF7217 /* SHHeroesCollectionViewManager.swift */,
			);
			path = Managers;
			sourceTree = "<group>";
		};
		C721EB57243B643800844C0C /* SHAPIKit */ = {
			isa = PBXGroup;
			children = (
				C7275D142439DC130069471C /* Encoding */,
				C70633A92439D3B50037BBAC /* Services */,
				C70633A82439D3A50037BBAC /* Endpoints */,
				C7B57BC32438994C00C94378 /* Reachability */,
				C721EB58243B643800844C0C /* SHAPIKit.h */,
				C721EB59243B643800844C0C /* Info.plist */,
			);
			path = SHAPIKit;
			sourceTree = "<group>";
		};
		C721EB78243BAC6300844C0C /* SHData */ = {
			isa = PBXGroup;
			children = (
				C721EBB1243BBB1B00844C0C /* SHPagination.swift */,
				C7E4E7EB243A4E7B00982553 /* SHImageResource.swift */,
				C7F2C2E72443B47F0000D892 /* SHSquadStatus.swift */,
				C721EB83243BAC8C00844C0C /* SHCharacter.swift */,
				C721EB85243BACA000844C0C /* SHComic.swift */,
				C721EB79243BAC6300844C0C /* SHData.h */,
				C721EB7A243BAC6300844C0C /* Info.plist */,
			);
			path = SHData;
			sourceTree = "<group>";
		};
		C721EB93243BAFF000844C0C /* SHCore */ = {
			isa = PBXGroup;
			children = (
				C7B57BC824389BBB00C94378 /* Extensions */,
				C721EB94243BAFF000844C0C /* SHCore.h */,
				C721EB95243BAFF000844C0C /* Info.plist */,
			);
			path = SHCore;
			sourceTree = "<group>";
		};
		C721EBAD243BB0A800844C0C /* Helpers */ = {
			isa = PBXGroup;
			children = (
				C7F2C2E52443B4260000D892 /* SHMarvelAPIProvider+Ext.swift */,
				C70DA4022438E8E400EF7217 /* SHRow.swift */,
				C7F2C2EF2443BD940000D892 /* SHSquadStatus+Ext.swift */,
				C7E82B89243914B20008C67F /* UIAlertController+Ext.swift */,
				C7AF4DA52438EF8A0066DEB0 /* UICollectionView+Ext.swift */,
				C7E136E22444E93300C3D0EC /* UICollectionViewCell+Ext.swift */,
				C7E983E32438BC4A003A8E54 /* UIColor+Ext.swift */,
				C78E6E752438CF1A005F67B4 /* UIImage+Ext.swift */,
				C7E983E12438AF79003A8E54 /* UIImageView+Ext.swift */,
				C78E6E772438CF78005F67B4 /* UIView+Ext.swift */,
				C7E983E52438C010003A8E54 /* UIViewController+Ext.swift */,
			);
			path = Helpers;
			sourceTree = "<group>";
		};
		C7275D142439DC130069471C /* Encoding */ = {
			isa = PBXGroup;
			children = (
				C70633B02439D6A40037BBAC /* SHParameterEncoding.swift */,
				C7275D152439DC580069471C /* SHURLParameterEncoder.swift */,
				C7275D172439DC750069471C /* SHJSONParameterEncoder.swift */,
			);
			path = Encoding;
			sourceTree = "<group>";
		};
		C740F7072436363200C47497 = {
			isa = PBXGroup;
			children = (
				C740F7122436363200C47497 /* SuperheroSquad */,
				C740F7292436363600C47497 /* SuperheroSquadTests */,
				C721EB57243B643800844C0C /* SHAPIKit */,
				C721EB78243BAC6300844C0C /* SHData */,
				C721EB93243BAFF000844C0C /* SHCore */,
				C7E57278243A28630019E95F /* Frameworks */,
				C740F7112436363200C47497 /* Products */,
			);
			sourceTree = "<group>";
		};
		C740F7112436363200C47497 /* Products */ = {
			isa = PBXGroup;
			children = (
				C740F7102436363200C47497 /* SuperheroSquad.app */,
				C740F7262436363600C47497 /* SuperheroSquadTests.xctest */,
				C721EB56243B643800844C0C /* SHAPIKit.framework */,
				C721EB77243BAC6300844C0C /* SHData.framework */,
				C721EB92243BAFF000844C0C /* SHCore.framework */,
				C753C86F24405376001995AE /* TransitionAnimation.framework */,
			);
			name = Products;
			sourceTree = "<group>";
		};
		C740F7122436363200C47497 /* SuperheroSquad */ = {
			isa = PBXGroup;
			children = (
				C7E5727B243A29A60019E95F /* Config */,
				C7B57BBF2438966A00C94378 /* AppDelegate */,
				C7B57BC22438990700C94378 /* Models */,
				C7E983DA2438ABE1003A8E54 /* Views */,
				C7B57BC1243898ED00C94378 /* ViewModels */,
				C7B57BC42438995600C94378 /* Resources */,
				C7B57BC52438997700C94378 /* Storyboards */,
				C7B57BC62438999200C94378 /* SupportingFiles */,
			);
			path = SuperheroSquad;
			sourceTree = "<group>";
		};
		C740F7292436363600C47497 /* SuperheroSquadTests */ = {
			isa = PBXGroup;
			children = (
				C7E4E7E9243A4E3B00982553 /* URLSessionTests.swift */,
				C7F4948C243A7E780096556E /* APIRequestTests.swift */,
				C740F72A2436363600C47497 /* ExtensionsTests.swift */,
				C7E136E42444EAA200C3D0EC /* DataModelTests.swift */,
				C740F72C2436363600C47497 /* Info.plist */,
			);
			path = SuperheroSquadTests;
			sourceTree = "<group>";
		};
		C753C86124405333001995AE /* TransitionAnimation */ = {
			isa = PBXGroup;
			children = (
				C753C87124405376001995AE /* TransitionAnimation.h */,
				C753C87224405376001995AE /* Info.plist */,
				C753C86224405333001995AE /* CardDetailViewController.swift */,
				C753C86324405333001995AE /* CardTransition.swift */,
				C753C86424405333001995AE /* UIView+Extension.swift */,
				C753C86524405333001995AE /* UIViewController+Extension.swift */,
				C753C86624405333001995AE /* CardPresentationController.swift */,
				C753C86724405333001995AE /* PresentCardAnimator.swift */,
				C753C86824405333001995AE /* DismissCardAnimator.swift */,
				C753C86924405333001995AE /* CardCollectionViewCell.swift */,
			);
			path = TransitionAnimation;
			sourceTree = "<group>";
		};
		C78E6E6F2438CA10005F67B4 /* Cells */ = {
			isa = PBXGroup;
			children = (
				C75126CD244134FB002BEE7A /* SHSquadDetailCollectionViewFlowLayout.swift */,
				C70DA4042438E99200EF7217 /* SHSquadCollectionViewCell.swift */,
				C70DA4052438E99200EF7217 /* SHSquadCollectionViewCell.xib */,
				C753C88324405900001995AE /* SHHereosCollectionViewCell.swift */,
				C753C88424405900001995AE /* SHHereosCollectionViewCell.xib */,
				C753C88724406727001995AE /* SHLoadingCollectionViewCell.swift */,
				C753C88824406727001995AE /* SHLoadingCollectionViewCell.xib */,
				C76126E22440C8AF0083EA07 /* SHLabelCollectionViewCell.swift */,
				C76126E32440C8AF0083EA07 /* SHLabelCollectionViewCell.xib */,
				C76126E62440C8BF0083EA07 /* SHButtonCollectionViewCell.swift */,
				C76126E72440C8BF0083EA07 /* SHButtonCollectionViewCell.xib */,
				C7889D6C2442EC7A00064BF3 /* SHComicCollectionViewCell.swift */,
				C7889D6D2442EC7A00064BF3 /* SHComicCollectionViewCell.xib */,
				C76126EA2440CC7C0083EA07 /* SHComicsCollectionViewCell.swift */,
				C76126EB2440CC7C0083EA07 /* SHComicsCollectionViewCell.xib */,
				C76126EE2440D81B0083EA07 /* SHHeaderCollectionViewCell.swift */,
				C76126EF2440D81B0083EA07 /* SHHeaderCollectionViewCell.xib */,
			);
			path = Cells;
			sourceTree = "<group>";
		};
		C7B57BBF2438966A00C94378 /* AppDelegate */ = {
			isa = PBXGroup;
			children = (
				C740F7132436363200C47497 /* AppDelegate.swift */,
				C740F7152436363200C47497 /* SceneDelegate.swift */,
			);
			path = AppDelegate;
			sourceTree = "<group>";
		};
		C7B57BC0243898CC00C94378 /* Controllers */ = {
			isa = PBXGroup;
			children = (
				C7E983D22438AA07003A8E54 /* SHNavigationViewController.swift */,
				C7E983D62438AB82003A8E54 /* SHHomeViewController.swift */,
				C7E983D72438AB82003A8E54 /* SHHomeViewController.xib */,
				C75AF917243F48EF0060993C /* SHSquadDetailViewController.swift */,
				C75AF918243F48EF0060993C /* SHSquadDetailViewController.xib */,
				C752223A244264CF00DF249F /* SHComicDetailViewController.swift */,
				C752223B244264CF00DF249F /* SHComicDetailViewController.xib */,
				C7836F4324448C150056CCF6 /* SHDismissibleViewController.swift */,
			);
			path = Controllers;
			sourceTree = "<group>";
		};
		C7B57BC1243898ED00C94378 /* ViewModels */ = {
			isa = PBXGroup;
			children = (
				C75CD4D024424E1700B265F1 /* SHViewModelDelegate.swift */,
				C7E983DB2438AC1A003A8E54 /* SHSquadDetailViewModel.swift */,
				C721EBB5243BC7ED00844C0C /* SHHeroesViewModel.swift */,
			);
			path = ViewModels;
			sourceTree = "<group>";
		};
		C7B57BC22438990700C94378 /* Models */ = {
			isa = PBXGroup;
			children = (
				C7F2C2EB2443B5B30000D892 /* SHPageModel.swift */,
				C7E983DD2438ACE8003A8E54 /* SHCharacterModel.swift */,
				C7E82B8D243925A20008C67F /* SHCharacterModel.xcdatamodeld */,
			);
			path = Models;
			sourceTree = "<group>";
		};
		C7B57BC32438994C00C94378 /* Reachability */ = {
			isa = PBXGroup;
			children = (
				C7275D1B2439F0D00069471C /* SHAPINetworkStatus.swift */,
				C7E82B8B2439186C0008C67F /* Reachability.swift */,
			);
			path = Reachability;
			sourceTree = "<group>";
		};
		C7B57BC42438995600C94378 /* Resources */ = {
			isa = PBXGroup;
			children = (
				C78E6E7B2438E032005F67B4 /* Marvel-Regular.ttf */,
				C740F71C2436363600C47497 /* Assets.xcassets */,
				C7E82B86243911DF0008C67F /* Localizable.strings */,
			);
			path = Resources;
			sourceTree = "<group>";
		};
		C7B57BC52438997700C94378 /* Storyboards */ = {
			isa = PBXGroup;
			children = (
				C740F71E2436363600C47497 /* LaunchScreen.storyboard */,
			);
			path = Storyboards;
			sourceTree = "<group>";
		};
		C7B57BC62438999200C94378 /* SupportingFiles */ = {
			isa = PBXGroup;
			children = (
				C740F7212436363600C47497 /* Info.plist */,
			);
			path = SupportingFiles;
			sourceTree = "<group>";
		};
		C7B57BC824389BBB00C94378 /* Extensions */ = {
			isa = PBXGroup;
			children = (
				C70DA3F92438E34A00EF7217 /* Array+Ext.swift */,
				C7E82B87243912580008C67F /* String+Ext.swift */,
				C78E6E792438DFCB005F67B4 /* UIFont+Ext.swift */,
			);
			path = Extensions;
			sourceTree = "<group>";
		};
		C7E57278243A28630019E95F /* Frameworks */ = {
			isa = PBXGroup;
			children = (
				C753C86124405333001995AE /* TransitionAnimation */,
				C7FCCC90243CFC4200851CFC /* SDWebImage.framework */,
				C7E57280243A2A2C0019E95F /* CryptoSwift.framework */,
			);
			path = Frameworks;
			sourceTree = "<group>";
		};
		C7E5727B243A29A60019E95F /* Config */ = {
			isa = PBXGroup;
			children = (
				C7E5727C243A29B70019E95F /* Cartfile */,
				C7E5727D243A29B70019E95F /* Cartfile.resolved */,
			);
			path = Config;
			sourceTree = "<group>";
		};
		C7E983DA2438ABE1003A8E54 /* Views */ = {
			isa = PBXGroup;
			children = (
				C721EBAD243BB0A800844C0C /* Helpers */,
				C70DA3FD2438E77500EF7217 /* Managers */,
				C78E6E6F2438CA10005F67B4 /* Cells */,
				C7B57BC0243898CC00C94378 /* Controllers */,
			);
			path = Views;
			sourceTree = "<group>";
		};
/* End PBXGroup section */

/* Begin PBXHeadersBuildPhase section */
		C721EB51243B643800844C0C /* Headers */ = {
			isa = PBXHeadersBuildPhase;
			buildActionMask = 2147483647;
			files = (
				C721EB5A243B643800844C0C /* SHAPIKit.h in Headers */,
			);
			runOnlyForDeploymentPostprocessing = 0;
		};
		C721EB72243BAC6300844C0C /* Headers */ = {
			isa = PBXHeadersBuildPhase;
			buildActionMask = 2147483647;
			files = (
				C721EB7B243BAC6300844C0C /* SHData.h in Headers */,
			);
			runOnlyForDeploymentPostprocessing = 0;
		};
		C721EB8D243BAFF000844C0C /* Headers */ = {
			isa = PBXHeadersBuildPhase;
			buildActionMask = 2147483647;
			files = (
				C721EB96243BAFF000844C0C /* SHCore.h in Headers */,
			);
			runOnlyForDeploymentPostprocessing = 0;
		};
		C753C86A24405376001995AE /* Headers */ = {
			isa = PBXHeadersBuildPhase;
			buildActionMask = 2147483647;
			files = (
				C753C87324405376001995AE /* TransitionAnimation.h in Headers */,
			);
			runOnlyForDeploymentPostprocessing = 0;
		};
/* End PBXHeadersBuildPhase section */

/* Begin PBXNativeTarget section */
		C721EB55243B643800844C0C /* SHAPIKit */ = {
			isa = PBXNativeTarget;
			buildConfigurationList = C721EB61243B643800844C0C /* Build configuration list for PBXNativeTarget "SHAPIKit" */;
			buildPhases = (
				C721EB51243B643800844C0C /* Headers */,
				C721EB52243B643800844C0C /* Sources */,
				C721EB53243B643800844C0C /* Frameworks */,
				C721EB54243B643800844C0C /* Resources */,
			);
			buildRules = (
			);
			dependencies = (
				C721EB8B243BAD4100844C0C /* PBXTargetDependency */,
			);
			name = SHAPIKit;
			productName = SHAPIKit;
			productReference = C721EB56243B643800844C0C /* SHAPIKit.framework */;
			productType = "com.apple.product-type.framework";
		};
		C721EB76243BAC6300844C0C /* SHData */ = {
			isa = PBXNativeTarget;
			buildConfigurationList = C721EB80243BAC6300844C0C /* Build configuration list for PBXNativeTarget "SHData" */;
			buildPhases = (
				C721EB72243BAC6300844C0C /* Headers */,
				C721EB73243BAC6300844C0C /* Sources */,
				C721EB74243BAC6300844C0C /* Frameworks */,
				C721EB75243BAC6300844C0C /* Resources */,
			);
			buildRules = (
			);
			dependencies = (
			);
			name = SHData;
			productName = SHData;
			productReference = C721EB77243BAC6300844C0C /* SHData.framework */;
			productType = "com.apple.product-type.framework";
		};
		C721EB91243BAFF000844C0C /* SHCore */ = {
			isa = PBXNativeTarget;
			buildConfigurationList = C721EB9B243BAFF000844C0C /* Build configuration list for PBXNativeTarget "SHCore" */;
			buildPhases = (
				C721EB8D243BAFF000844C0C /* Headers */,
				C721EB8E243BAFF000844C0C /* Sources */,
				C721EB8F243BAFF000844C0C /* Frameworks */,
				C721EB90243BAFF000844C0C /* Resources */,
			);
			buildRules = (
			);
			dependencies = (
			);
			name = SHCore;
			productName = SHCore;
			productReference = C721EB92243BAFF000844C0C /* SHCore.framework */;
			productType = "com.apple.product-type.framework";
		};
		C740F70F2436363200C47497 /* SuperheroSquad */ = {
			isa = PBXNativeTarget;
			buildConfigurationList = C740F72F2436363600C47497 /* Build configuration list for PBXNativeTarget "SuperheroSquad" */;
			buildPhases = (
				C740F70C2436363200C47497 /* Sources */,
				C740F70D2436363200C47497 /* Frameworks */,
				C740F70E2436363200C47497 /* Resources */,
				C709C5E9243A2E25006883BA /* Embed Frameworks */,
			);
			buildRules = (
			);
			dependencies = (
				C721EB5C243B643800844C0C /* PBXTargetDependency */,
				C721EB7D243BAC6300844C0C /* PBXTargetDependency */,
				C721EB98243BAFF000844C0C /* PBXTargetDependency */,
				C753C87524405376001995AE /* PBXTargetDependency */,
			);
			name = SuperheroSquad;
			productName = PlumSuperheroSquad;
			productReference = C740F7102436363200C47497 /* SuperheroSquad.app */;
			productType = "com.apple.product-type.application";
		};
		C740F7252436363600C47497 /* SuperheroSquadTests */ = {
			isa = PBXNativeTarget;
			buildConfigurationList = C740F7322436363600C47497 /* Build configuration list for PBXNativeTarget "SuperheroSquadTests" */;
			buildPhases = (
				C740F7222436363600C47497 /* Sources */,
				C740F7232436363600C47497 /* Frameworks */,
				C740F7242436363600C47497 /* Resources */,
			);
			buildRules = (
			);
			dependencies = (
				C740F7282436363600C47497 /* PBXTargetDependency */,
			);
			name = SuperheroSquadTests;
			productName = PlumSuperheroSquadTests;
			productReference = C740F7262436363600C47497 /* SuperheroSquadTests.xctest */;
			productType = "com.apple.product-type.bundle.unit-test";
		};
		C753C86E24405376001995AE /* TransitionAnimation */ = {
			isa = PBXNativeTarget;
			buildConfigurationList = C753C87824405376001995AE /* Build configuration list for PBXNativeTarget "TransitionAnimation" */;
			buildPhases = (
				C753C86A24405376001995AE /* Headers */,
				C753C86B24405376001995AE /* Sources */,
				C753C86C24405376001995AE /* Frameworks */,
				C753C86D24405376001995AE /* Resources */,
			);
			buildRules = (
			);
			dependencies = (
			);
			name = TransitionAnimation;
			productName = TransitionAnimation;
			productReference = C753C86F24405376001995AE /* TransitionAnimation.framework */;
			productType = "com.apple.product-type.framework";
		};
/* End PBXNativeTarget section */

/* Begin PBXProject section */
		C740F7082436363200C47497 /* Project object */ = {
			isa = PBXProject;
			attributes = {
				LastSwiftUpdateCheck = 1130;
				LastUpgradeCheck = 1130;
				ORGANIZATIONNAME = "GEORGE QUENTIN";
				TargetAttributes = {
					C721EB55243B643800844C0C = {
						CreatedOnToolsVersion = 11.3.1;
					};
					C721EB76243BAC6300844C0C = {
						CreatedOnToolsVersion = 11.3.1;
						LastSwiftMigration = 1130;
					};
					C721EB91243BAFF000844C0C = {
						CreatedOnToolsVersion = 11.3.1;
					};
					C740F70F2436363200C47497 = {
						CreatedOnToolsVersion = 11.3.1;
					};
					C740F7252436363600C47497 = {
						CreatedOnToolsVersion = 11.3.1;
						TestTargetID = C740F70F2436363200C47497;
					};
					C753C86E24405376001995AE = {
						CreatedOnToolsVersion = 11.3.1;
					};
				};
			};
			buildConfigurationList = C740F70B2436363200C47497 /* Build configuration list for PBXProject "SuperheroSquad" */;
			compatibilityVersion = "Xcode 9.3";
			developmentRegion = en;
			hasScannedForEncodings = 0;
			knownRegions = (
				en,
				Base,
			);
			mainGroup = C740F7072436363200C47497;
			productRefGroup = C740F7112436363200C47497 /* Products */;
			projectDirPath = "";
			projectRoot = "";
			targets = (
				C740F70F2436363200C47497 /* SuperheroSquad */,
				C740F7252436363600C47497 /* SuperheroSquadTests */,
				C721EB55243B643800844C0C /* SHAPIKit */,
				C721EB76243BAC6300844C0C /* SHData */,
				C721EB91243BAFF000844C0C /* SHCore */,
				C753C86E24405376001995AE /* TransitionAnimation */,
			);
		};
/* End PBXProject section */

/* Begin PBXResourcesBuildPhase section */
		C721EB54243B643800844C0C /* Resources */ = {
			isa = PBXResourcesBuildPhase;
			buildActionMask = 2147483647;
			files = (
			);
			runOnlyForDeploymentPostprocessing = 0;
		};
		C721EB75243BAC6300844C0C /* Resources */ = {
			isa = PBXResourcesBuildPhase;
			buildActionMask = 2147483647;
			files = (
			);
			runOnlyForDeploymentPostprocessing = 0;
		};
		C721EB90243BAFF000844C0C /* Resources */ = {
			isa = PBXResourcesBuildPhase;
			buildActionMask = 2147483647;
			files = (
				C7BDD1182444604F002A0DDB /* Marvel-Regular.ttf in Resources */,
			);
			runOnlyForDeploymentPostprocessing = 0;
		};
		C740F70E2436363200C47497 /* Resources */ = {
			isa = PBXResourcesBuildPhase;
			buildActionMask = 2147483647;
			files = (
				C76126E52440C8AF0083EA07 /* SHLabelCollectionViewCell.xib in Resources */,
				C753C88A24406727001995AE /* SHLoadingCollectionViewCell.xib in Resources */,
				C740F7202436363600C47497 /* LaunchScreen.storyboard in Resources */,
				C740F71D2436363600C47497 /* Assets.xcassets in Resources */,
				C7E5727E243A29B70019E95F /* Cartfile in Resources */,
				C7889D6F2442EC7A00064BF3 /* SHComicCollectionViewCell.xib in Resources */,
				C76126ED2440CC7C0083EA07 /* SHComicsCollectionViewCell.xib in Resources */,
				C78E6E7C2438E032005F67B4 /* Marvel-Regular.ttf in Resources */,
				C76126F12440D81B0083EA07 /* SHHeaderCollectionViewCell.xib in Resources */,
				C752223D244264CF00DF249F /* SHComicDetailViewController.xib in Resources */,
				C7E5727F243A29B70019E95F /* Cartfile.resolved in Resources */,
				C7E82B84243911DF0008C67F /* Localizable.strings in Resources */,
				C76126E92440C8BF0083EA07 /* SHButtonCollectionViewCell.xib in Resources */,
				C70DA4072438E99200EF7217 /* SHSquadCollectionViewCell.xib in Resources */,
				C753C88624405900001995AE /* SHHereosCollectionViewCell.xib in Resources */,
				C7E983D92438AB82003A8E54 /* SHHomeViewController.xib in Resources */,
				C75AF91A243F48EF0060993C /* SHSquadDetailViewController.xib in Resources */,
			);
			runOnlyForDeploymentPostprocessing = 0;
		};
		C740F7242436363600C47497 /* Resources */ = {
			isa = PBXResourcesBuildPhase;
			buildActionMask = 2147483647;
			files = (
			);
			runOnlyForDeploymentPostprocessing = 0;
		};
		C753C86D24405376001995AE /* Resources */ = {
			isa = PBXResourcesBuildPhase;
			buildActionMask = 2147483647;
			files = (
			);
			runOnlyForDeploymentPostprocessing = 0;
		};
/* End PBXResourcesBuildPhase section */

/* Begin PBXSourcesBuildPhase section */
		C721EB52243B643800844C0C /* Sources */ = {
			isa = PBXSourcesBuildPhase;
			buildActionMask = 2147483647;
			files = (
				C721EB6D243BA9FF00844C0C /* SHURLSession.swift in Sources */,
				C721EB69243BA9F900844C0C /* SHJSONParameterEncoder.swift in Sources */,
				C721EB71243BAA0300844C0C /* SHMarvelAPIProvider.swift in Sources */,
				C721EB6F243BAA0300844C0C /* SHEndpointType.swift in Sources */,
				C721EB6C243BA9FF00844C0C /* SHHTTPTask.swift in Sources */,
				C721EB70243BAA0300844C0C /* SHMarvelAPI.swift in Sources */,
				C721EB66243BA9EF00844C0C /* SHAPINetworkStatus.swift in Sources */,
				C721EB68243BA9F900844C0C /* SHURLParameterEncoder.swift in Sources */,
				C721EB6E243BA9FF00844C0C /* SHAPIRequest.swift in Sources */,
				C721EB6B243BA9FF00844C0C /* SHHTTPMethod.swift in Sources */,
				C721EB6A243BA9FF00844C0C /* SHError.swift in Sources */,
				C721EB65243BA9C800844C0C /* Reachability.swift in Sources */,
				C721EB67243BA9F900844C0C /* SHParameterEncoding.swift in Sources */,
			);
			runOnlyForDeploymentPostprocessing = 0;
		};
		C721EB73243BAC6300844C0C /* Sources */ = {
			isa = PBXSourcesBuildPhase;
			buildActionMask = 2147483647;
			files = (
				C78807F224434D690070FAFF /* SHCharacter.swift in Sources */,
				C78807F124434D690070FAFF /* SHComic.swift in Sources */,
				C78807F324434D690070FAFF /* SHPagination.swift in Sources */,
				C78807F024434D690070FAFF /* SHImageResource.swift in Sources */,
				C7F2C2E82443B47F0000D892 /* SHSquadStatus.swift in Sources */,
			);
			runOnlyForDeploymentPostprocessing = 0;
		};
		C721EB8E243BAFF000844C0C /* Sources */ = {
			isa = PBXSourcesBuildPhase;
			buildActionMask = 2147483647;
			files = (
				C721EBA1243BB00600844C0C /* String+Ext.swift in Sources */,
				C7BDD1192444607B002A0DDB /* UIFont+Ext.swift in Sources */,
				C721EB9F243BB00600844C0C /* Array+Ext.swift in Sources */,
			);
			runOnlyForDeploymentPostprocessing = 0;
		};
		C740F70C2436363200C47497 /* Sources */ = {
			isa = PBXSourcesBuildPhase;
			buildActionMask = 2147483647;
			files = (
				C76126EC2440CC7C0083EA07 /* SHComicsCollectionViewCell.swift in Sources */,
				C7B48FDA2440B23600C73D68 /* UIViewController+Ext.swift in Sources */,
				C7E983DC2438AC1A003A8E54 /* SHSquadDetailViewModel.swift in Sources */,
				C7F2C2E62443B4260000D892 /* SHMarvelAPIProvider+Ext.swift in Sources */,
				C75AF919243F48EF0060993C /* SHSquadDetailViewController.swift in Sources */,
				C7F2C2F02443BD940000D892 /* SHSquadStatus+Ext.swift in Sources */,
				C752223C244264CF00DF249F /* SHComicDetailViewController.swift in Sources */,
				C71DA0712444E73D0071F5E3 /* UIColor+Ext.swift in Sources */,
				C70DA4062438E99200EF7217 /* SHSquadCollectionViewCell.swift in Sources */,
				C7E82B8F243925A20008C67F /* SHCharacterModel.xcdatamodeld in Sources */,
				C7B48FDC2440BE8000C73D68 /* SHSquadDetailCollectionViewManager.swift in Sources */,
				C721EBAF243BB0E400844C0C /* UICollectionView+Ext.swift in Sources */,
				C7889D6E2442EC7A00064BF3 /* SHComicCollectionViewCell.swift in Sources */,
				C721EBB6243BC7ED00844C0C /* SHHeroesViewModel.swift in Sources */,
				C71DA06D2444E7100071F5E3 /* UIView+Ext.swift in Sources */,
				C721EBAE243BB0E400844C0C /* SHRow.swift in Sources */,
				C7E983DE2438ACE8003A8E54 /* SHCharacterModel.swift in Sources */,
				C7F2C2EC2443B5B30000D892 /* SHPageModel.swift in Sources */,
				C7836F4424448C150056CCF6 /* SHDismissibleViewController.swift in Sources */,
				C70DA3FF2438E82600EF7217 /* SHSquadCollectionViewManager.swift in Sources */,
				C70DA4012438E84000EF7217 /* SHHeroesCollectionViewManager.swift in Sources */,
				C76126E82440C8BF0083EA07 /* SHButtonCollectionViewCell.swift in Sources */,
				C71DA06F2444E73A0071F5E3 /* UIImage+Ext.swift in Sources */,
				C75CD4D124424E1700B265F1 /* SHViewModelDelegate.swift in Sources */,
				C753C88524405900001995AE /* SHHereosCollectionViewCell.swift in Sources */,
				C7E983D82438AB82003A8E54 /* SHHomeViewController.swift in Sources */,
				C7E136E32444E93300C3D0EC /* UICollectionViewCell+Ext.swift in Sources */,
				C71DA0702444E73A0071F5E3 /* UIImageView+Ext.swift in Sources */,
				C740F7142436363200C47497 /* AppDelegate.swift in Sources */,
				C76126E42440C8AF0083EA07 /* SHLabelCollectionViewCell.swift in Sources */,
				C76126F02440D81B0083EA07 /* SHHeaderCollectionViewCell.swift in Sources */,
				C75126CE244134FB002BEE7A /* SHSquadDetailCollectionViewFlowLayout.swift in Sources */,
				C71DA0722444E7410071F5E3 /* UIAlertController+Ext.swift in Sources */,
				C7E983D32438AA07003A8E54 /* SHNavigationViewController.swift in Sources */,
				C753C88924406727001995AE /* SHLoadingCollectionViewCell.swift in Sources */,
				C740F7162436363200C47497 /* SceneDelegate.swift in Sources */,
			);
			runOnlyForDeploymentPostprocessing = 0;
		};
		C740F7222436363600C47497 /* Sources */ = {
			isa = PBXSourcesBuildPhase;
			buildActionMask = 2147483647;
			files = (
				C7E4E7EA243A4E3B00982553 /* URLSessionTests.swift in Sources */,
				C7E136E52444EAA200C3D0EC /* DataModelTests.swift in Sources */,
				C7F4948D243A7E780096556E /* APIRequestTests.swift in Sources */,
				C740F72B2436363600C47497 /* ExtensionsTests.swift in Sources */,
			);
			runOnlyForDeploymentPostprocessing = 0;
		};
		C753C86B24405376001995AE /* Sources */ = {
			isa = PBXSourcesBuildPhase;
			buildActionMask = 2147483647;
			files = (
				C753C882244053C6001995AE /* CardCollectionViewCell.swift in Sources */,
				C753C87E244053C6001995AE /* UIViewController+Extension.swift in Sources */,
				C753C87D244053C6001995AE /* UIView+Extension.swift in Sources */,
				C753C87F244053C6001995AE /* CardPresentationController.swift in Sources */,
				C753C87C244053C6001995AE /* CardTransition.swift in Sources */,
				C753C880244053C6001995AE /* PresentCardAnimator.swift in Sources */,
				C753C87B244053C6001995AE /* CardDetailViewController.swift in Sources */,
				C753C881244053C6001995AE /* DismissCardAnimator.swift in Sources */,
			);
			runOnlyForDeploymentPostprocessing = 0;
		};
/* End PBXSourcesBuildPhase section */

/* Begin PBXTargetDependency section */
		C721EB5C243B643800844C0C /* PBXTargetDependency */ = {
			isa = PBXTargetDependency;
			target = C721EB55243B643800844C0C /* SHAPIKit */;
			targetProxy = C721EB5B243B643800844C0C /* PBXContainerItemProxy */;
		};
		C721EB7D243BAC6300844C0C /* PBXTargetDependency */ = {
			isa = PBXTargetDependency;
			target = C721EB76243BAC6300844C0C /* SHData */;
			targetProxy = C721EB7C243BAC6300844C0C /* PBXContainerItemProxy */;
		};
		C721EB8B243BAD4100844C0C /* PBXTargetDependency */ = {
			isa = PBXTargetDependency;
			target = C721EB76243BAC6300844C0C /* SHData */;
			targetProxy = C721EB8A243BAD4100844C0C /* PBXContainerItemProxy */;
		};
		C721EB98243BAFF000844C0C /* PBXTargetDependency */ = {
			isa = PBXTargetDependency;
			target = C721EB91243BAFF000844C0C /* SHCore */;
			targetProxy = C721EB97243BAFF000844C0C /* PBXContainerItemProxy */;
		};
		C740F7282436363600C47497 /* PBXTargetDependency */ = {
			isa = PBXTargetDependency;
			target = C740F70F2436363200C47497 /* SuperheroSquad */;
			targetProxy = C740F7272436363600C47497 /* PBXContainerItemProxy */;
		};
		C753C87524405376001995AE /* PBXTargetDependency */ = {
			isa = PBXTargetDependency;
			target = C753C86E24405376001995AE /* TransitionAnimation */;
			targetProxy = C753C87424405376001995AE /* PBXContainerItemProxy */;
		};
/* End PBXTargetDependency section */

/* Begin PBXVariantGroup section */
		C740F71E2436363600C47497 /* LaunchScreen.storyboard */ = {
			isa = PBXVariantGroup;
			children = (
				C740F71F2436363600C47497 /* Base */,
			);
			name = LaunchScreen.storyboard;
			sourceTree = "<group>";
		};
		C7E82B86243911DF0008C67F /* Localizable.strings */ = {
			isa = PBXVariantGroup;
			children = (
				C7E82B85243911DF0008C67F /* en */,
			);
			name = Localizable.strings;
			sourceTree = "<group>";
		};
/* End PBXVariantGroup section */

/* Begin XCBuildConfiguration section */
		C721EB5F243B643800844C0C /* Debug */ = {
			isa = XCBuildConfiguration;
			buildSettings = {
				CODE_SIGN_STYLE = Automatic;
				CURRENT_PROJECT_VERSION = 1;
				DEFINES_MODULE = YES;
				DEVELOPMENT_TEAM = TTRX47ZAU4;
				DYLIB_COMPATIBILITY_VERSION = 1;
				DYLIB_CURRENT_VERSION = 1;
				DYLIB_INSTALL_NAME_BASE = "@rpath";
				FRAMEWORK_SEARCH_PATHS = (
					"$(inherited)",
					"$(PROJECT_DIR)/Frameworks",
				);
				INFOPLIST_FILE = SHAPIKit/Info.plist;
				INSTALL_PATH = "$(LOCAL_LIBRARY_DIR)/Frameworks";
				LD_RUNPATH_SEARCH_PATHS = (
					"$(inherited)",
					"@executable_path/Frameworks",
					"@loader_path/Frameworks",
				);
				PRODUCT_BUNDLE_IDENTIFIER = "com.geo-games.SHAPIKit";
				PRODUCT_NAME = "$(TARGET_NAME:c99extidentifier)";
				SKIP_INSTALL = YES;
				SUPPORTS_MACCATALYST = NO;
				SWIFT_VERSION = 5.0;
				TARGETED_DEVICE_FAMILY = 1;
				VERSIONING_SYSTEM = "apple-generic";
				VERSION_INFO_PREFIX = "";
			};
			name = Debug;
		};
		C721EB60243B643800844C0C /* Release */ = {
			isa = XCBuildConfiguration;
			buildSettings = {
				CODE_SIGN_STYLE = Automatic;
				CURRENT_PROJECT_VERSION = 1;
				DEFINES_MODULE = YES;
				DEVELOPMENT_TEAM = TTRX47ZAU4;
				DYLIB_COMPATIBILITY_VERSION = 1;
				DYLIB_CURRENT_VERSION = 1;
				DYLIB_INSTALL_NAME_BASE = "@rpath";
				FRAMEWORK_SEARCH_PATHS = (
					"$(inherited)",
					"$(PROJECT_DIR)/Frameworks",
				);
				INFOPLIST_FILE = SHAPIKit/Info.plist;
				INSTALL_PATH = "$(LOCAL_LIBRARY_DIR)/Frameworks";
				LD_RUNPATH_SEARCH_PATHS = (
					"$(inherited)",
					"@executable_path/Frameworks",
					"@loader_path/Frameworks",
				);
				PRODUCT_BUNDLE_IDENTIFIER = "com.geo-games.SHAPIKit";
				PRODUCT_NAME = "$(TARGET_NAME:c99extidentifier)";
				SKIP_INSTALL = YES;
				SUPPORTS_MACCATALYST = NO;
				SWIFT_VERSION = 5.0;
				TARGETED_DEVICE_FAMILY = 1;
				VERSIONING_SYSTEM = "apple-generic";
				VERSION_INFO_PREFIX = "";
			};
			name = Release;
		};
		C721EB81243BAC6300844C0C /* Debug */ = {
			isa = XCBuildConfiguration;
			buildSettings = {
				CLANG_ENABLE_MODULES = YES;
				CODE_SIGN_STYLE = Automatic;
				CURRENT_PROJECT_VERSION = 1;
				DEFINES_MODULE = YES;
				DEVELOPMENT_TEAM = TTRX47ZAU4;
				DYLIB_COMPATIBILITY_VERSION = 1;
				DYLIB_CURRENT_VERSION = 1;
				DYLIB_INSTALL_NAME_BASE = "@rpath";
				INFOPLIST_FILE = SHData/Info.plist;
				INSTALL_PATH = "$(LOCAL_LIBRARY_DIR)/Frameworks";
				LD_RUNPATH_SEARCH_PATHS = (
					"$(inherited)",
					"@executable_path/Frameworks",
					"@loader_path/Frameworks",
				);
				PRODUCT_BUNDLE_IDENTIFIER = "com.geo-games.SHData";
				PRODUCT_NAME = "$(TARGET_NAME:c99extidentifier)";
				SKIP_INSTALL = YES;
				SWIFT_OPTIMIZATION_LEVEL = "-Onone";
				SWIFT_VERSION = 5.0;
				TARGETED_DEVICE_FAMILY = "1,2";
				VERSIONING_SYSTEM = "apple-generic";
				VERSION_INFO_PREFIX = "";
			};
			name = Debug;
		};
		C721EB82243BAC6300844C0C /* Release */ = {
			isa = XCBuildConfiguration;
			buildSettings = {
				CLANG_ENABLE_MODULES = YES;
				CODE_SIGN_STYLE = Automatic;
				CURRENT_PROJECT_VERSION = 1;
				DEFINES_MODULE = YES;
				DEVELOPMENT_TEAM = TTRX47ZAU4;
				DYLIB_COMPATIBILITY_VERSION = 1;
				DYLIB_CURRENT_VERSION = 1;
				DYLIB_INSTALL_NAME_BASE = "@rpath";
				INFOPLIST_FILE = SHData/Info.plist;
				INSTALL_PATH = "$(LOCAL_LIBRARY_DIR)/Frameworks";
				LD_RUNPATH_SEARCH_PATHS = (
					"$(inherited)",
					"@executable_path/Frameworks",
					"@loader_path/Frameworks",
				);
				PRODUCT_BUNDLE_IDENTIFIER = "com.geo-games.SHData";
				PRODUCT_NAME = "$(TARGET_NAME:c99extidentifier)";
				SKIP_INSTALL = YES;
				SWIFT_VERSION = 5.0;
				TARGETED_DEVICE_FAMILY = "1,2";
				VERSIONING_SYSTEM = "apple-generic";
				VERSION_INFO_PREFIX = "";
			};
			name = Release;
		};
		C721EB9C243BAFF000844C0C /* Debug */ = {
			isa = XCBuildConfiguration;
			buildSettings = {
				CODE_SIGN_STYLE = Automatic;
				CURRENT_PROJECT_VERSION = 1;
				DEFINES_MODULE = YES;
				DEVELOPMENT_TEAM = TTRX47ZAU4;
				DYLIB_COMPATIBILITY_VERSION = 1;
				DYLIB_CURRENT_VERSION = 1;
				DYLIB_INSTALL_NAME_BASE = "@rpath";
				FRAMEWORK_SEARCH_PATHS = (
					"$(inherited)",
					"$(PROJECT_DIR)/Frameworks",
				);
				INFOPLIST_FILE = SHCore/Info.plist;
				INSTALL_PATH = "$(LOCAL_LIBRARY_DIR)/Frameworks";
				LD_RUNPATH_SEARCH_PATHS = (
					"$(inherited)",
					"@executable_path/Frameworks",
					"@loader_path/Frameworks",
				);
				PRODUCT_BUNDLE_IDENTIFIER = "com.geo-games.SHCore";
				PRODUCT_NAME = "$(TARGET_NAME:c99extidentifier)";
				SKIP_INSTALL = YES;
				SWIFT_VERSION = 5.0;
				TARGETED_DEVICE_FAMILY = "1,2";
				VERSIONING_SYSTEM = "apple-generic";
				VERSION_INFO_PREFIX = "";
			};
			name = Debug;
		};
		C721EB9D243BAFF000844C0C /* Release */ = {
			isa = XCBuildConfiguration;
			buildSettings = {
				CODE_SIGN_STYLE = Automatic;
				CURRENT_PROJECT_VERSION = 1;
				DEFINES_MODULE = YES;
				DEVELOPMENT_TEAM = TTRX47ZAU4;
				DYLIB_COMPATIBILITY_VERSION = 1;
				DYLIB_CURRENT_VERSION = 1;
				DYLIB_INSTALL_NAME_BASE = "@rpath";
				FRAMEWORK_SEARCH_PATHS = (
					"$(inherited)",
					"$(PROJECT_DIR)/Frameworks",
				);
				INFOPLIST_FILE = SHCore/Info.plist;
				INSTALL_PATH = "$(LOCAL_LIBRARY_DIR)/Frameworks";
				LD_RUNPATH_SEARCH_PATHS = (
					"$(inherited)",
					"@executable_path/Frameworks",
					"@loader_path/Frameworks",
				);
				PRODUCT_BUNDLE_IDENTIFIER = "com.geo-games.SHCore";
				PRODUCT_NAME = "$(TARGET_NAME:c99extidentifier)";
				SKIP_INSTALL = YES;
				SWIFT_VERSION = 5.0;
				TARGETED_DEVICE_FAMILY = "1,2";
				VERSIONING_SYSTEM = "apple-generic";
				VERSION_INFO_PREFIX = "";
			};
			name = Release;
		};
		C740F72D2436363600C47497 /* Debug */ = {
			isa = XCBuildConfiguration;
			buildSettings = {
				ALWAYS_SEARCH_USER_PATHS = NO;
				CLANG_ANALYZER_NONNULL = YES;
				CLANG_ANALYZER_NUMBER_OBJECT_CONVERSION = YES_AGGRESSIVE;
				CLANG_CXX_LANGUAGE_STANDARD = "gnu++14";
				CLANG_CXX_LIBRARY = "libc++";
				CLANG_ENABLE_MODULES = YES;
				CLANG_ENABLE_OBJC_ARC = YES;
				CLANG_ENABLE_OBJC_WEAK = YES;
				CLANG_WARN_BLOCK_CAPTURE_AUTORELEASING = YES;
				CLANG_WARN_BOOL_CONVERSION = YES;
				CLANG_WARN_COMMA = YES;
				CLANG_WARN_CONSTANT_CONVERSION = YES;
				CLANG_WARN_DEPRECATED_OBJC_IMPLEMENTATIONS = YES;
				CLANG_WARN_DIRECT_OBJC_ISA_USAGE = YES_ERROR;
				CLANG_WARN_DOCUMENTATION_COMMENTS = YES;
				CLANG_WARN_EMPTY_BODY = YES;
				CLANG_WARN_ENUM_CONVERSION = YES;
				CLANG_WARN_INFINITE_RECURSION = YES;
				CLANG_WARN_INT_CONVERSION = YES;
				CLANG_WARN_NON_LITERAL_NULL_CONVERSION = YES;
				CLANG_WARN_OBJC_IMPLICIT_RETAIN_SELF = YES;
				CLANG_WARN_OBJC_LITERAL_CONVERSION = YES;
				CLANG_WARN_OBJC_ROOT_CLASS = YES_ERROR;
				CLANG_WARN_RANGE_LOOP_ANALYSIS = YES;
				CLANG_WARN_STRICT_PROTOTYPES = YES;
				CLANG_WARN_SUSPICIOUS_MOVE = YES;
				CLANG_WARN_UNGUARDED_AVAILABILITY = YES_AGGRESSIVE;
				CLANG_WARN_UNREACHABLE_CODE = YES;
				CLANG_WARN__DUPLICATE_METHOD_MATCH = YES;
				COPY_PHASE_STRIP = NO;
				DEBUG_INFORMATION_FORMAT = dwarf;
				ENABLE_STRICT_OBJC_MSGSEND = YES;
				ENABLE_TESTABILITY = YES;
				GCC_C_LANGUAGE_STANDARD = gnu11;
				GCC_DYNAMIC_NO_PIC = NO;
				GCC_NO_COMMON_BLOCKS = YES;
				GCC_OPTIMIZATION_LEVEL = 0;
				GCC_PREPROCESSOR_DEFINITIONS = (
					"DEBUG=1",
					"$(inherited)",
				);
				GCC_WARN_64_TO_32_BIT_CONVERSION = YES;
				GCC_WARN_ABOUT_RETURN_TYPE = YES_ERROR;
				GCC_WARN_UNDECLARED_SELECTOR = YES;
				GCC_WARN_UNINITIALIZED_AUTOS = YES_AGGRESSIVE;
				GCC_WARN_UNUSED_FUNCTION = YES;
				GCC_WARN_UNUSED_VARIABLE = YES;
				IPHONEOS_DEPLOYMENT_TARGET = 13.2;
				MTL_ENABLE_DEBUG_INFO = INCLUDE_SOURCE;
				MTL_FAST_MATH = YES;
				ONLY_ACTIVE_ARCH = YES;
				SDKROOT = iphoneos;
				SWIFT_ACTIVE_COMPILATION_CONDITIONS = DEBUG;
				SWIFT_OPTIMIZATION_LEVEL = "-Onone";
			};
			name = Debug;
		};
		C740F72E2436363600C47497 /* Release */ = {
			isa = XCBuildConfiguration;
			buildSettings = {
				ALWAYS_SEARCH_USER_PATHS = NO;
				CLANG_ANALYZER_NONNULL = YES;
				CLANG_ANALYZER_NUMBER_OBJECT_CONVERSION = YES_AGGRESSIVE;
				CLANG_CXX_LANGUAGE_STANDARD = "gnu++14";
				CLANG_CXX_LIBRARY = "libc++";
				CLANG_ENABLE_MODULES = YES;
				CLANG_ENABLE_OBJC_ARC = YES;
				CLANG_ENABLE_OBJC_WEAK = YES;
				CLANG_WARN_BLOCK_CAPTURE_AUTORELEASING = YES;
				CLANG_WARN_BOOL_CONVERSION = YES;
				CLANG_WARN_COMMA = YES;
				CLANG_WARN_CONSTANT_CONVERSION = YES;
				CLANG_WARN_DEPRECATED_OBJC_IMPLEMENTATIONS = YES;
				CLANG_WARN_DIRECT_OBJC_ISA_USAGE = YES_ERROR;
				CLANG_WARN_DOCUMENTATION_COMMENTS = YES;
				CLANG_WARN_EMPTY_BODY = YES;
				CLANG_WARN_ENUM_CONVERSION = YES;
				CLANG_WARN_INFINITE_RECURSION = YES;
				CLANG_WARN_INT_CONVERSION = YES;
				CLANG_WARN_NON_LITERAL_NULL_CONVERSION = YES;
				CLANG_WARN_OBJC_IMPLICIT_RETAIN_SELF = YES;
				CLANG_WARN_OBJC_LITERAL_CONVERSION = YES;
				CLANG_WARN_OBJC_ROOT_CLASS = YES_ERROR;
				CLANG_WARN_RANGE_LOOP_ANALYSIS = YES;
				CLANG_WARN_STRICT_PROTOTYPES = YES;
				CLANG_WARN_SUSPICIOUS_MOVE = YES;
				CLANG_WARN_UNGUARDED_AVAILABILITY = YES_AGGRESSIVE;
				CLANG_WARN_UNREACHABLE_CODE = YES;
				CLANG_WARN__DUPLICATE_METHOD_MATCH = YES;
				COPY_PHASE_STRIP = NO;
				DEBUG_INFORMATION_FORMAT = "dwarf-with-dsym";
				ENABLE_NS_ASSERTIONS = NO;
				ENABLE_STRICT_OBJC_MSGSEND = YES;
				GCC_C_LANGUAGE_STANDARD = gnu11;
				GCC_NO_COMMON_BLOCKS = YES;
				GCC_WARN_64_TO_32_BIT_CONVERSION = YES;
				GCC_WARN_ABOUT_RETURN_TYPE = YES_ERROR;
				GCC_WARN_UNDECLARED_SELECTOR = YES;
				GCC_WARN_UNINITIALIZED_AUTOS = YES_AGGRESSIVE;
				GCC_WARN_UNUSED_FUNCTION = YES;
				GCC_WARN_UNUSED_VARIABLE = YES;
				IPHONEOS_DEPLOYMENT_TARGET = 13.2;
				MTL_ENABLE_DEBUG_INFO = NO;
				MTL_FAST_MATH = YES;
				SDKROOT = iphoneos;
				SWIFT_COMPILATION_MODE = wholemodule;
				SWIFT_OPTIMIZATION_LEVEL = "-O";
				VALIDATE_PRODUCT = YES;
			};
			name = Release;
		};
		C740F7302436363600C47497 /* Debug */ = {
			isa = XCBuildConfiguration;
			buildSettings = {
				ALWAYS_EMBED_SWIFT_STANDARD_LIBRARIES = YES;
				ASSETCATALOG_COMPILER_APPICON_NAME = AppIcon;
				CODE_SIGN_STYLE = Automatic;
				DEVELOPMENT_TEAM = TTRX47ZAU4;
				FRAMEWORK_SEARCH_PATHS = (
					"$(inherited)",
					"$(PROJECT_DIR)/Frameworks",
				);
				INFOPLIST_FILE = SuperheroSquad/SupportingFiles/Info.plist;
				LD_RUNPATH_SEARCH_PATHS = (
					"$(inherited)",
					"@executable_path/Frameworks",
				);
				PRODUCT_BUNDLE_IDENTIFIER = "com.geo-games.PlumSuperheroSquad";
				PRODUCT_NAME = "$(TARGET_NAME)";
				SWIFT_VERSION = 5.0;
				TARGETED_DEVICE_FAMILY = "1,2";
			};
			name = Debug;
		};
		C740F7312436363600C47497 /* Release */ = {
			isa = XCBuildConfiguration;
			buildSettings = {
				ALWAYS_EMBED_SWIFT_STANDARD_LIBRARIES = YES;
				ASSETCATALOG_COMPILER_APPICON_NAME = AppIcon;
				CODE_SIGN_STYLE = Automatic;
				DEVELOPMENT_TEAM = TTRX47ZAU4;
				FRAMEWORK_SEARCH_PATHS = (
					"$(inherited)",
					"$(PROJECT_DIR)/Frameworks",
				);
				INFOPLIST_FILE = SuperheroSquad/SupportingFiles/Info.plist;
				LD_RUNPATH_SEARCH_PATHS = (
					"$(inherited)",
					"@executable_path/Frameworks",
				);
				PRODUCT_BUNDLE_IDENTIFIER = "com.geo-games.PlumSuperheroSquad";
				PRODUCT_NAME = "$(TARGET_NAME)";
				SWIFT_VERSION = 5.0;
				TARGETED_DEVICE_FAMILY = "1,2";
			};
			name = Release;
		};
		C740F7332436363600C47497 /* Debug */ = {
			isa = XCBuildConfiguration;
			buildSettings = {
				ALWAYS_EMBED_SWIFT_STANDARD_LIBRARIES = YES;
				BUNDLE_LOADER = "$(TEST_HOST)";
				CODE_SIGN_STYLE = Automatic;
				DEVELOPMENT_TEAM = TTRX47ZAU4;
				FRAMEWORK_SEARCH_PATHS = (
					"$(inherited)",
					"$(PROJECT_DIR)/Frameworks",
				);
				INFOPLIST_FILE = SuperheroSquadTests/Info.plist;
				IPHONEOS_DEPLOYMENT_TARGET = 13.2;
				LD_RUNPATH_SEARCH_PATHS = (
					"$(inherited)",
					"@executable_path/Frameworks",
					"@loader_path/Frameworks",
				);
				PRODUCT_BUNDLE_IDENTIFIER = "com.geo-games.PlumSuperheroSquadTests";
				PRODUCT_NAME = "$(TARGET_NAME)";
				SWIFT_VERSION = 5.0;
				TARGETED_DEVICE_FAMILY = "1,2";
				TEST_HOST = "$(BUILT_PRODUCTS_DIR)/SuperheroSquad.app/SuperheroSquad";
			};
			name = Debug;
		};
		C740F7342436363600C47497 /* Release */ = {
			isa = XCBuildConfiguration;
			buildSettings = {
				ALWAYS_EMBED_SWIFT_STANDARD_LIBRARIES = YES;
				BUNDLE_LOADER = "$(TEST_HOST)";
				CODE_SIGN_STYLE = Automatic;
				DEVELOPMENT_TEAM = TTRX47ZAU4;
				FRAMEWORK_SEARCH_PATHS = (
					"$(inherited)",
					"$(PROJECT_DIR)/Frameworks",
				);
				INFOPLIST_FILE = SuperheroSquadTests/Info.plist;
				IPHONEOS_DEPLOYMENT_TARGET = 13.2;
				LD_RUNPATH_SEARCH_PATHS = (
					"$(inherited)",
					"@executable_path/Frameworks",
					"@loader_path/Frameworks",
				);
				PRODUCT_BUNDLE_IDENTIFIER = "com.geo-games.PlumSuperheroSquadTests";
				PRODUCT_NAME = "$(TARGET_NAME)";
				SWIFT_VERSION = 5.0;
				TARGETED_DEVICE_FAMILY = "1,2";
				TEST_HOST = "$(BUILT_PRODUCTS_DIR)/SuperheroSquad.app/SuperheroSquad";
			};
			name = Release;
		};
		C753C87924405376001995AE /* Debug */ = {
			isa = XCBuildConfiguration;
			buildSettings = {
				CODE_SIGN_STYLE = Automatic;
				CURRENT_PROJECT_VERSION = 1;
				DEFINES_MODULE = YES;
				DEVELOPMENT_TEAM = TTRX47ZAU4;
				DYLIB_COMPATIBILITY_VERSION = 1;
				DYLIB_CURRENT_VERSION = 1;
				DYLIB_INSTALL_NAME_BASE = "@rpath";
				INFOPLIST_FILE = Frameworks/TransitionAnimation/Info.plist;
				INSTALL_PATH = "$(LOCAL_LIBRARY_DIR)/Frameworks";
				LD_RUNPATH_SEARCH_PATHS = (
					"$(inherited)",
					"@executable_path/Frameworks",
					"@loader_path/Frameworks",
				);
				PRODUCT_BUNDLE_IDENTIFIER = "com.geo-games.TransitionAnimation";
				PRODUCT_NAME = "$(TARGET_NAME:c99extidentifier)";
				SKIP_INSTALL = YES;
				SUPPORTS_MACCATALYST = YES;
				SWIFT_VERSION = 5.0;
				TARGETED_DEVICE_FAMILY = "1,2";
				VERSIONING_SYSTEM = "apple-generic";
				VERSION_INFO_PREFIX = "";
			};
			name = Debug;
		};
		C753C87A24405376001995AE /* Release */ = {
			isa = XCBuildConfiguration;
			buildSettings = {
				CODE_SIGN_STYLE = Automatic;
				CURRENT_PROJECT_VERSION = 1;
				DEFINES_MODULE = YES;
				DEVELOPMENT_TEAM = TTRX47ZAU4;
				DYLIB_COMPATIBILITY_VERSION = 1;
				DYLIB_CURRENT_VERSION = 1;
				DYLIB_INSTALL_NAME_BASE = "@rpath";
				INFOPLIST_FILE = Frameworks/TransitionAnimation/Info.plist;
				INSTALL_PATH = "$(LOCAL_LIBRARY_DIR)/Frameworks";
				LD_RUNPATH_SEARCH_PATHS = (
					"$(inherited)",
					"@executable_path/Frameworks",
					"@loader_path/Frameworks",
				);
				PRODUCT_BUNDLE_IDENTIFIER = "com.geo-games.TransitionAnimation";
				PRODUCT_NAME = "$(TARGET_NAME:c99extidentifier)";
				SKIP_INSTALL = YES;
				SUPPORTS_MACCATALYST = YES;
				SWIFT_VERSION = 5.0;
				TARGETED_DEVICE_FAMILY = "1,2";
				VERSIONING_SYSTEM = "apple-generic";
				VERSION_INFO_PREFIX = "";
			};
			name = Release;
		};
/* End XCBuildConfiguration section */

/* Begin XCConfigurationList section */
		C721EB61243B643800844C0C /* Build configuration list for PBXNativeTarget "SHAPIKit" */ = {
			isa = XCConfigurationList;
			buildConfigurations = (
				C721EB5F243B643800844C0C /* Debug */,
				C721EB60243B643800844C0C /* Release */,
			);
			defaultConfigurationIsVisible = 0;
			defaultConfigurationName = Release;
		};
		C721EB80243BAC6300844C0C /* Build configuration list for PBXNativeTarget "SHData" */ = {
			isa = XCConfigurationList;
			buildConfigurations = (
				C721EB81243BAC6300844C0C /* Debug */,
				C721EB82243BAC6300844C0C /* Release */,
			);
			defaultConfigurationIsVisible = 0;
			defaultConfigurationName = Release;
		};
		C721EB9B243BAFF000844C0C /* Build configuration list for PBXNativeTarget "SHCore" */ = {
			isa = XCConfigurationList;
			buildConfigurations = (
				C721EB9C243BAFF000844C0C /* Debug */,
				C721EB9D243BAFF000844C0C /* Release */,
			);
			defaultConfigurationIsVisible = 0;
			defaultConfigurationName = Release;
		};
		C740F70B2436363200C47497 /* Build configuration list for PBXProject "SuperheroSquad" */ = {
			isa = XCConfigurationList;
			buildConfigurations = (
				C740F72D2436363600C47497 /* Debug */,
				C740F72E2436363600C47497 /* Release */,
			);
			defaultConfigurationIsVisible = 0;
			defaultConfigurationName = Release;
		};
		C740F72F2436363600C47497 /* Build configuration list for PBXNativeTarget "SuperheroSquad" */ = {
			isa = XCConfigurationList;
			buildConfigurations = (
				C740F7302436363600C47497 /* Debug */,
				C740F7312436363600C47497 /* Release */,
			);
			defaultConfigurationIsVisible = 0;
			defaultConfigurationName = Release;
		};
		C740F7322436363600C47497 /* Build configuration list for PBXNativeTarget "SuperheroSquadTests" */ = {
			isa = XCConfigurationList;
			buildConfigurations = (
				C740F7332436363600C47497 /* Debug */,
				C740F7342436363600C47497 /* Release */,
			);
			defaultConfigurationIsVisible = 0;
			defaultConfigurationName = Release;
		};
		C753C87824405376001995AE /* Build configuration list for PBXNativeTarget "TransitionAnimation" */ = {
			isa = XCConfigurationList;
			buildConfigurations = (
				C753C87924405376001995AE /* Debug */,
				C753C87A24405376001995AE /* Release */,
			);
			defaultConfigurationIsVisible = 0;
			defaultConfigurationName = Release;
		};
/* End XCConfigurationList section */

/* Begin XCVersionGroup section */
		C7E82B8D243925A20008C67F /* SHCharacterModel.xcdatamodeld */ = {
			isa = XCVersionGroup;
			children = (
				C7E82B8E243925A20008C67F /* SHCharacterModel.xcdatamodel */,
			);
			currentVersion = C7E82B8E243925A20008C67F /* SHCharacterModel.xcdatamodel */;
			path = SHCharacterModel.xcdatamodeld;
			sourceTree = "<group>";
			versionGroupType = wrapper.xcdatamodel;
		};
/* End XCVersionGroup section */
	};
	rootObject = C740F7082436363200C47497 /* Project object */;
}
